// !$*UTF8*$!
{
	archiveVersion = 1;
	classes = {
	};
	objectVersion = 46;
	objects = {

/* Begin PBXBuildFile section */
		7AB0B0CE1EC07D4500BEC76C /* AppDelegate.swift in Sources */ = {isa = PBXBuildFile; fileRef = 7AB0B0CD1EC07D4500BEC76C /* AppDelegate.swift */; };
		7AB0B0D01EC07D4600BEC76C /* ViewController.swift in Sources */ = {isa = PBXBuildFile; fileRef = 7AB0B0CF1EC07D4600BEC76C /* ViewController.swift */; };
		7AB0B0D31EC07D4600BEC76C /* Main.storyboard in Resources */ = {isa = PBXBuildFile; fileRef = 7AB0B0D11EC07D4600BEC76C /* Main.storyboard */; };
		7AB0B0D51EC07D4600BEC76C /* Assets.xcassets in Resources */ = {isa = PBXBuildFile; fileRef = 7AB0B0D41EC07D4600BEC76C /* Assets.xcassets */; };
		7AB0B0D81EC07D4600BEC76C /* LaunchScreen.storyboard in Resources */ = {isa = PBXBuildFile; fileRef = 7AB0B0D61EC07D4600BEC76C /* LaunchScreen.storyboard */; };
		7AB0B0E31EC07D4600BEC76C /* tickadateTests.swift in Sources */ = {isa = PBXBuildFile; fileRef = 7AB0B0E21EC07D4600BEC76C /* tickadateTests.swift */; };
		7AB0B0EE1EC07D4600BEC76C /* tickadateUITests.swift in Sources */ = {isa = PBXBuildFile; fileRef = 7AB0B0ED1EC07D4600BEC76C /* tickadateUITests.swift */; };
/* End PBXBuildFile section */

/* Begin PBXContainerItemProxy section */
		7AB0B0DF1EC07D4600BEC76C /* PBXContainerItemProxy */ = {
			isa = PBXContainerItemProxy;
			containerPortal = 7AB0B0C21EC07D4500BEC76C /* Project object */;
			proxyType = 1;
			remoteGlobalIDString = 7AB0B0C91EC07D4500BEC76C;
			remoteInfo = tickadate;
		};
		7AB0B0EA1EC07D4600BEC76C /* PBXContainerItemProxy */ = {
			isa = PBXContainerItemProxy;
			containerPortal = 7AB0B0C21EC07D4500BEC76C /* Project object */;
			proxyType = 1;
			remoteGlobalIDString = 7AB0B0C91EC07D4500BEC76C;
			remoteInfo = tickadate;
		};
/* End PBXContainerItemProxy section */

/* Begin PBXFileReference section */
		7AB0B0CA1EC07D4500BEC76C /* tickadate.app */ = {isa = PBXFileReference; explicitFileType = wrapper.application; includeInIndex = 0; path = tickadate.app; sourceTree = BUILT_PRODUCTS_DIR; };
		7AB0B0CD1EC07D4500BEC76C /* AppDelegate.swift */ = {isa = PBXFileReference; lastKnownFileType = sourcecode.swift; path = AppDelegate.swift; sourceTree = "<group>"; };
		7AB0B0CF1EC07D4600BEC76C /* ViewController.swift */ = {isa = PBXFileReference; lastKnownFileType = sourcecode.swift; path = ViewController.swift; sourceTree = "<group>"; };
		7AB0B0D21EC07D4600BEC76C /* Base */ = {isa = PBXFileReference; lastKnownFileType = file.storyboard; name = Base; path = Base.lproj/Main.storyboard; sourceTree = "<group>"; };
		7AB0B0D41EC07D4600BEC76C /* Assets.xcassets */ = {isa = PBXFileReference; lastKnownFileType = folder.assetcatalog; path = Assets.xcassets; sourceTree = "<group>"; };
		7AB0B0D71EC07D4600BEC76C /* Base */ = {isa = PBXFileReference; lastKnownFileType = file.storyboard; name = Base; path = Base.lproj/LaunchScreen.storyboard; sourceTree = "<group>"; };
		7AB0B0D91EC07D4600BEC76C /* Info.plist */ = {isa = PBXFileReference; lastKnownFileType = text.plist.xml; path = Info.plist; sourceTree = "<group>"; };
		7AB0B0DE1EC07D4600BEC76C /* tickadateTests.xctest */ = {isa = PBXFileReference; explicitFileType = wrapper.cfbundle; includeInIndex = 0; path = tickadateTests.xctest; sourceTree = BUILT_PRODUCTS_DIR; };
		7AB0B0E21EC07D4600BEC76C /* tickadateTests.swift */ = {isa = PBXFileReference; lastKnownFileType = sourcecode.swift; path = tickadateTests.swift; sourceTree = "<group>"; };
		7AB0B0E41EC07D4600BEC76C /* Info.plist */ = {isa = PBXFileReference; lastKnownFileType = text.plist.xml; path = Info.plist; sourceTree = "<group>"; };
		7AB0B0E91EC07D4600BEC76C /* tickadateUITests.xctest */ = {isa = PBXFileReference; explicitFileType = wrapper.cfbundle; includeInIndex = 0; path = tickadateUITests.xctest; sourceTree = BUILT_PRODUCTS_DIR; };
		7AB0B0ED1EC07D4600BEC76C /* tickadateUITests.swift */ = {isa = PBXFileReference; lastKnownFileType = sourcecode.swift; path = tickadateUITests.swift; sourceTree = "<group>"; };
		7AB0B0EF1EC07D4600BEC76C /* Info.plist */ = {isa = PBXFileReference; lastKnownFileType = text.plist.xml; path = Info.plist; sourceTree = "<group>"; };
/* End PBXFileReference section */

/* Begin PBXFrameworksBuildPhase section */
		7AB0B0C71EC07D4500BEC76C /* Frameworks */ = {
			isa = PBXFrameworksBuildPhase;
			buildActionMask = 2147483647;
			files = (
			);
			runOnlyForDeploymentPostprocessing = 0;
		};
		7AB0B0DB1EC07D4600BEC76C /* Frameworks */ = {
			isa = PBXFrameworksBuildPhase;
			buildActionMask = 2147483647;
			files = (
			);
			runOnlyForDeploymentPostprocessing = 0;
		};
		7AB0B0E61EC07D4600BEC76C /* Frameworks */ = {
			isa = PBXFrameworksBuildPhase;
			buildActionMask = 2147483647;
			files = (
			);
			runOnlyForDeploymentPostprocessing = 0;
		};
/* End PBXFrameworksBuildPhase section */

/* Begin PBXGroup section */
		7AB0B0C11EC07D4500BEC76C = {
			isa = PBXGroup;
			children = (
				7AB0B0CC1EC07D4500BEC76C /* tickadate */,
				7AB0B0E11EC07D4600BEC76C /* tickadateTests */,
				7AB0B0EC1EC07D4600BEC76C /* tickadateUITests */,
				7AB0B0CB1EC07D4500BEC76C /* Products */,
			);
			sourceTree = "<group>";
		};
		7AB0B0CB1EC07D4500BEC76C /* Products */ = {
			isa = PBXGroup;
			children = (
				7AB0B0CA1EC07D4500BEC76C /* tickadate.app */,
				7AB0B0DE1EC07D4600BEC76C /* tickadateTests.xctest */,
				7AB0B0E91EC07D4600BEC76C /* tickadateUITests.xctest */,
			);
			name = Products;
			sourceTree = "<group>";
		};
		7AB0B0CC1EC07D4500BEC76C /* tickadate */ = {
			isa = PBXGroup;
			children = (
				7AB0B0CD1EC07D4500BEC76C /* AppDelegate.swift */,
				7AB0B0CF1EC07D4600BEC76C /* ViewController.swift */,
				7AB0B0D11EC07D4600BEC76C /* Main.storyboard */,
				7AB0B0D41EC07D4600BEC76C /* Assets.xcassets */,
				7AB0B0D61EC07D4600BEC76C /* LaunchScreen.storyboard */,
				7AB0B0D91EC07D4600BEC76C /* Info.plist */,
			);
			path = tickadate;
			sourceTree = "<group>";
		};
		7AB0B0E11EC07D4600BEC76C /* tickadateTests */ = {
			isa = PBXGroup;
			children = (
				7AB0B0E21EC07D4600BEC76C /* tickadateTests.swift */,
				7AB0B0E41EC07D4600BEC76C /* Info.plist */,
			);
			path = tickadateTests;
			sourceTree = "<group>";
		};
		7AB0B0EC1EC07D4600BEC76C /* tickadateUITests */ = {
			isa = PBXGroup;
			children = (
				7AB0B0ED1EC07D4600BEC76C /* tickadateUITests.swift */,
				7AB0B0EF1EC07D4600BEC76C /* Info.plist */,
			);
			path = tickadateUITests;
			sourceTree = "<group>";
		};
/* End PBXGroup section */

/* Begin PBXNativeTarget section */
		7AB0B0C91EC07D4500BEC76C /* tickadate */ = {
			isa = PBXNativeTarget;
			buildConfigurationList = 7AB0B0F21EC07D4600BEC76C /* Build configuration list for PBXNativeTarget "tickadate" */;
			buildPhases = (
				7AB0B0C61EC07D4500BEC76C /* Sources */,
				7AB0B0C71EC07D4500BEC76C /* Frameworks */,
				7AB0B0C81EC07D4500BEC76C /* Resources */,
			);
			buildRules = (
			);
			dependencies = (
			);
			name = tickadate;
			productName = tickadate;
			productReference = 7AB0B0CA1EC07D4500BEC76C /* tickadate.app */;
			productType = "com.apple.product-type.application";
		};
		7AB0B0DD1EC07D4600BEC76C /* tickadateTests */ = {
			isa = PBXNativeTarget;
			buildConfigurationList = 7AB0B0F51EC07D4600BEC76C /* Build configuration list for PBXNativeTarget "tickadateTests" */;
			buildPhases = (
				7AB0B0DA1EC07D4600BEC76C /* Sources */,
				7AB0B0DB1EC07D4600BEC76C /* Frameworks */,
				7AB0B0DC1EC07D4600BEC76C /* Resources */,
			);
			buildRules = (
			);
			dependencies = (
				7AB0B0E01EC07D4600BEC76C /* PBXTargetDependency */,
			);
			name = tickadateTests;
			productName = tickadateTests;
			productReference = 7AB0B0DE1EC07D4600BEC76C /* tickadateTests.xctest */;
			productType = "com.apple.product-type.bundle.unit-test";
		};
		7AB0B0E81EC07D4600BEC76C /* tickadateUITests */ = {
			isa = PBXNativeTarget;
			buildConfigurationList = 7AB0B0F81EC07D4600BEC76C /* Build configuration list for PBXNativeTarget "tickadateUITests" */;
			buildPhases = (
				7AB0B0E51EC07D4600BEC76C /* Sources */,
				7AB0B0E61EC07D4600BEC76C /* Frameworks */,
				7AB0B0E71EC07D4600BEC76C /* Resources */,
			);
			buildRules = (
			);
			dependencies = (
				7AB0B0EB1EC07D4600BEC76C /* PBXTargetDependency */,
			);
			name = tickadateUITests;
			productName = tickadateUITests;
			productReference = 7AB0B0E91EC07D4600BEC76C /* tickadateUITests.xctest */;
			productType = "com.apple.product-type.bundle.ui-testing";
		};
/* End PBXNativeTarget section */

/* Begin PBXProject section */
		7AB0B0C21EC07D4500BEC76C /* Project object */ = {
			isa = PBXProject;
			attributes = {
				LastSwiftUpdateCheck = 0830;
				LastUpgradeCheck = 0830;
				ORGANIZATIONNAME = Agilitation;
				TargetAttributes = {
					7AB0B0C91EC07D4500BEC76C = {
						CreatedOnToolsVersion = 8.3.2;
						ProvisioningStyle = Automatic;
					};
					7AB0B0DD1EC07D4600BEC76C = {
						CreatedOnToolsVersion = 8.3.2;
						ProvisioningStyle = Automatic;
						TestTargetID = 7AB0B0C91EC07D4500BEC76C;
					};
					7AB0B0E81EC07D4600BEC76C = {
						CreatedOnToolsVersion = 8.3.2;
						ProvisioningStyle = Automatic;
						TestTargetID = 7AB0B0C91EC07D4500BEC76C;
					};
				};
			};
			buildConfigurationList = 7AB0B0C51EC07D4500BEC76C /* Build configuration list for PBXProject "tickadate" */;
			compatibilityVersion = "Xcode 3.2";
			developmentRegion = English;
			hasScannedForEncodings = 0;
			knownRegions = (
				en,
				Base,
			);
			mainGroup = 7AB0B0C11EC07D4500BEC76C;
			productRefGroup = 7AB0B0CB1EC07D4500BEC76C /* Products */;
			projectDirPath = "";
			projectRoot = "";
			targets = (
				7AB0B0C91EC07D4500BEC76C /* tickadate */,
				7AB0B0DD1EC07D4600BEC76C /* tickadateTests */,
				7AB0B0E81EC07D4600BEC76C /* tickadateUITests */,
			);
		};
/* End PBXProject section */

/* Begin PBXResourcesBuildPhase section */
		7AB0B0C81EC07D4500BEC76C /* Resources */ = {
			isa = PBXResourcesBuildPhase;
			buildActionMask = 2147483647;
			files = (
				7AB0B0D81EC07D4600BEC76C /* LaunchScreen.storyboard in Resources */,
				7AB0B0D51EC07D4600BEC76C /* Assets.xcassets in Resources */,
				7AB0B0D31EC07D4600BEC76C /* Main.storyboard in Resources */,
			);
			runOnlyForDeploymentPostprocessing = 0;
		};
		7AB0B0DC1EC07D4600BEC76C /* Resources */ = {
			isa = PBXResourcesBuildPhase;
			buildActionMask = 2147483647;
			files = (
			);
			runOnlyForDeploymentPostprocessing = 0;
		};
		7AB0B0E71EC07D4600BEC76C /* Resources */ = {
			isa = PBXResourcesBuildPhase;
			buildActionMask = 2147483647;
			files = (
			);
			runOnlyForDeploymentPostprocessing = 0;
		};
/* End PBXResourcesBuildPhase section */

/* Begin PBXSourcesBuildPhase section */
		7AB0B0C61EC07D4500BEC76C /* Sources */ = {
			isa = PBXSourcesBuildPhase;
			buildActionMask = 2147483647;
			files = (
				7AB0B0D01EC07D4600BEC76C /* ViewController.swift in Sources */,
				7AB0B0CE1EC07D4500BEC76C /* AppDelegate.swift in Sources */,
			);
			runOnlyForDeploymentPostprocessing = 0;
		};
		7AB0B0DA1EC07D4600BEC76C /* Sources */ = {
			isa = PBXSourcesBuildPhase;
			buildActionMask = 2147483647;
			files = (
				7AB0B0E31EC07D4600BEC76C /* tickadateTests.swift in Sources */,
			);
			runOnlyForDeploymentPostprocessing = 0;
		};
		7AB0B0E51EC07D4600BEC76C /* Sources */ = {
			isa = PBXSourcesBuildPhase;
			buildActionMask = 2147483647;
			files = (
				7AB0B0EE1EC07D4600BEC76C /* tickadateUITests.swift in Sources */,
			);
			runOnlyForDeploymentPostprocessing = 0;
		};
/* End PBXSourcesBuildPhase section */

/* Begin PBXTargetDependency section */
		7AB0B0E01EC07D4600BEC76C /* PBXTargetDependency */ = {
			isa = PBXTargetDependency;
			target = 7AB0B0C91EC07D4500BEC76C /* tickadate */;
			targetProxy = 7AB0B0DF1EC07D4600BEC76C /* PBXContainerItemProxy */;
		};
		7AB0B0EB1EC07D4600BEC76C /* PBXTargetDependency */ = {
			isa = PBXTargetDependency;
			target = 7AB0B0C91EC07D4500BEC76C /* tickadate */;
			targetProxy = 7AB0B0EA1EC07D4600BEC76C /* PBXContainerItemProxy */;
		};
/* End PBXTargetDependency section */

/* Begin PBXVariantGroup section */
		7AB0B0D11EC07D4600BEC76C /* Main.storyboard */ = {
			isa = PBXVariantGroup;
			children = (
				7AB0B0D21EC07D4600BEC76C /* Base */,
			);
			name = Main.storyboard;
			sourceTree = "<group>";
		};
		7AB0B0D61EC07D4600BEC76C /* LaunchScreen.storyboard */ = {
			isa = PBXVariantGroup;
			children = (
				7AB0B0D71EC07D4600BEC76C /* Base */,
			);
			name = LaunchScreen.storyboard;
			sourceTree = "<group>";
		};
/* End PBXVariantGroup section */

/* Begin XCBuildConfiguration section */
		7AB0B0F01EC07D4600BEC76C /* Debug */ = {
			isa = XCBuildConfiguration;
			buildSettings = {
				ALWAYS_SEARCH_USER_PATHS = NO;
				CLANG_ANALYZER_NONNULL = YES;
				CLANG_ANALYZER_NUMBER_OBJECT_CONVERSION = YES_AGGRESSIVE;
				CLANG_CXX_LANGUAGE_STANDARD = "gnu++0x";
				CLANG_CXX_LIBRARY = "libc++";
				CLANG_ENABLE_MODULES = YES;
				CLANG_ENABLE_OBJC_ARC = YES;
				CLANG_WARN_BOOL_CONVERSION = YES;
				CLANG_WARN_CONSTANT_CONVERSION = YES;
				CLANG_WARN_DIRECT_OBJC_ISA_USAGE = YES_ERROR;
				CLANG_WARN_DOCUMENTATION_COMMENTS = YES;
				CLANG_WARN_EMPTY_BODY = YES;
				CLANG_WARN_ENUM_CONVERSION = YES;
				CLANG_WARN_INFINITE_RECURSION = YES;
				CLANG_WARN_INT_CONVERSION = YES;
				CLANG_WARN_OBJC_ROOT_CLASS = YES_ERROR;
				CLANG_WARN_SUSPICIOUS_MOVE = YES;
				CLANG_WARN_UNREACHABLE_CODE = YES;
				CLANG_WARN__DUPLICATE_METHOD_MATCH = YES;
				"CODE_SIGN_IDENTITY[sdk=iphoneos*]" = "iPhone Developer";
				COPY_PHASE_STRIP = NO;
				DEBUG_INFORMATION_FORMAT = dwarf;
				ENABLE_STRICT_OBJC_MSGSEND = YES;
				ENABLE_TESTABILITY = YES;
				GCC_C_LANGUAGE_STANDARD = gnu99;
				GCC_DYNAMIC_NO_PIC = NO;
				GCC_NO_COMMON_BLOCKS = YES;
				GCC_OPTIMIZATION_LEVEL = 0;
				GCC_PREPROCESSOR_DEFINITIONS = (
					"DEBUG=1",
					"$(inherited)",
				);
				GCC_WARN_64_TO_32_BIT_CONVERSION = YES;
				GCC_WARN_ABOUT_RETURN_TYPE = YES_ERROR;
				GCC_WARN_UNDECLARED_SELECTOR = YES;
				GCC_WARN_UNINITIALIZED_AUTOS = YES_AGGRESSIVE;
				GCC_WARN_UNUSED_FUNCTION = YES;
				GCC_WARN_UNUSED_VARIABLE = YES;
				IPHONEOS_DEPLOYMENT_TARGET = 10.3;
				MTL_ENABLE_DEBUG_INFO = YES;
				ONLY_ACTIVE_ARCH = YES;
				SDKROOT = iphoneos;
				SWIFT_ACTIVE_COMPILATION_CONDITIONS = DEBUG;
				SWIFT_OPTIMIZATION_LEVEL = "-Onone";
			};
			name = Debug;
		};
		7AB0B0F11EC07D4600BEC76C /* Release */ = {
			isa = XCBuildConfiguration;
			buildSettings = {
				ALWAYS_SEARCH_USER_PATHS = NO;
				CLANG_ANALYZER_NONNULL = YES;
				CLANG_ANALYZER_NUMBER_OBJECT_CONVERSION = YES_AGGRESSIVE;
				CLANG_CXX_LANGUAGE_STANDARD = "gnu++0x";
				CLANG_CXX_LIBRARY = "libc++";
				CLANG_ENABLE_MODULES = YES;
				CLANG_ENABLE_OBJC_ARC = YES;
				CLANG_WARN_BOOL_CONVERSION = YES;
				CLANG_WARN_CONSTANT_CONVERSION = YES;
				CLANG_WARN_DIRECT_OBJC_ISA_USAGE = YES_ERROR;
				CLANG_WARN_DOCUMENTATION_COMMENTS = YES;
				CLANG_WARN_EMPTY_BODY = YES;
				CLANG_WARN_ENUM_CONVERSION = YES;
				CLANG_WARN_INFINITE_RECURSION = YES;
				CLANG_WARN_INT_CONVERSION = YES;
				CLANG_WARN_OBJC_ROOT_CLASS = YES_ERROR;
				CLANG_WARN_SUSPICIOUS_MOVE = YES;
				CLANG_WARN_UNREACHABLE_CODE = YES;
				CLANG_WARN__DUPLICATE_METHOD_MATCH = YES;
				"CODE_SIGN_IDENTITY[sdk=iphoneos*]" = "iPhone Developer";
				COPY_PHASE_STRIP = NO;
				DEBUG_INFORMATION_FORMAT = "dwarf-with-dsym";
				ENABLE_NS_ASSERTIONS = NO;
				ENABLE_STRICT_OBJC_MSGSEND = YES;
				GCC_C_LANGUAGE_STANDARD = gnu99;
				GCC_NO_COMMON_BLOCKS = YES;
				GCC_WARN_64_TO_32_BIT_CONVERSION = YES;
				GCC_WARN_ABOUT_RETURN_TYPE = YES_ERROR;
				GCC_WARN_UNDECLARED_SELECTOR = YES;
				GCC_WARN_UNINITIALIZED_AUTOS = YES_AGGRESSIVE;
				GCC_WARN_UNUSED_FUNCTION = YES;
				GCC_WARN_UNUSED_VARIABLE = YES;
				IPHONEOS_DEPLOYMENT_TARGET = 10.3;
				MTL_ENABLE_DEBUG_INFO = NO;
				SDKROOT = iphoneos;
				SWIFT_OPTIMIZATION_LEVEL = "-Owholemodule";
				VALIDATE_PRODUCT = YES;
			};
			name = Release;
		};
		7AB0B0F31EC07D4600BEC76C /* Debug */ = {
			isa = XCBuildConfiguration;
			buildSettings = {
				ASSETCATALOG_COMPILER_APPICON_NAME = AppIcon;
				INFOPLIST_FILE = tickadate/Info.plist;
				LD_RUNPATH_SEARCH_PATHS = "$(inherited) @executable_path/Frameworks";
				PRODUCT_BUNDLE_IDENTIFIER = com.agilitation.tickadate;
				PRODUCT_NAME = "$(TARGET_NAME)";
				SWIFT_VERSION = 3.0;
			};
			name = Debug;
		};
		7AB0B0F41EC07D4600BEC76C /* Release */ = {
			isa = XCBuildConfiguration;
			buildSettings = {
				ASSETCATALOG_COMPILER_APPICON_NAME = AppIcon;
				INFOPLIST_FILE = tickadate/Info.plist;
				LD_RUNPATH_SEARCH_PATHS = "$(inherited) @executable_path/Frameworks";
				PRODUCT_BUNDLE_IDENTIFIER = com.agilitation.tickadate;
				PRODUCT_NAME = "$(TARGET_NAME)";
				SWIFT_VERSION = 3.0;
			};
			name = Release;
		};
		7AB0B0F61EC07D4600BEC76C /* Debug */ = {
			isa = XCBuildConfiguration;
			buildSettings = {
				ALWAYS_EMBED_SWIFT_STANDARD_LIBRARIES = YES;
				BUNDLE_LOADER = "$(TEST_HOST)";
				INFOPLIST_FILE = tickadateTests/Info.plist;
				LD_RUNPATH_SEARCH_PATHS = "$(inherited) @executable_path/Frameworks @loader_path/Frameworks";
				PRODUCT_BUNDLE_IDENTIFIER = com.agilitation.tickadateTests;
				PRODUCT_NAME = "$(TARGET_NAME)";
				SWIFT_VERSION = 3.0;
				TEST_HOST = "$(BUILT_PRODUCTS_DIR)/tickadate.app/tickadate";
			};
			name = Debug;
		};
		7AB0B0F71EC07D4600BEC76C /* Release */ = {
			isa = XCBuildConfiguration;
			buildSettings = {
				ALWAYS_EMBED_SWIFT_STANDARD_LIBRARIES = YES;
				BUNDLE_LOADER = "$(TEST_HOST)";
				INFOPLIST_FILE = tickadateTests/Info.plist;
				LD_RUNPATH_SEARCH_PATHS = "$(inherited) @executable_path/Frameworks @loader_path/Frameworks";
				PRODUCT_BUNDLE_IDENTIFIER = com.agilitation.tickadateTests;
				PRODUCT_NAME = "$(TARGET_NAME)";
				SWIFT_VERSION = 3.0;
				TEST_HOST = "$(BUILT_PRODUCTS_DIR)/tickadate.app/tickadate";
			};
			name = Release;
		};
		7AB0B0F91EC07D4600BEC76C /* Debug */ = {
			isa = XCBuildConfiguration;
			buildSettings = {
				ALWAYS_EMBED_SWIFT_STANDARD_LIBRARIES = YES;
				INFOPLIST_FILE = tickadateUITests/Info.plist;
				LD_RUNPATH_SEARCH_PATHS = "$(inherited) @executable_path/Frameworks @loader_path/Frameworks";
				PRODUCT_BUNDLE_IDENTIFIER = com.agilitation.tickadateUITests;
				PRODUCT_NAME = "$(TARGET_NAME)";
				SWIFT_VERSION = 3.0;
				TEST_TARGET_NAME = tickadate;
			};
			name = Debug;
		};
		7AB0B0FA1EC07D4600BEC76C /* Release */ = {
			isa = XCBuildConfiguration;
			buildSettings = {
				ALWAYS_EMBED_SWIFT_STANDARD_LIBRARIES = YES;
				INFOPLIST_FILE = tickadateUITests/Info.plist;
				LD_RUNPATH_SEARCH_PATHS = "$(inherited) @executable_path/Frameworks @loader_path/Frameworks";
				PRODUCT_BUNDLE_IDENTIFIER = com.agilitation.tickadateUITests;
				PRODUCT_NAME = "$(TARGET_NAME)";
				SWIFT_VERSION = 3.0;
				TEST_TARGET_NAME = tickadate;
			};
			name = Release;
		};
/* End XCBuildConfiguration section */

/* Begin XCConfigurationList section */
		7AB0B0C51EC07D4500BEC76C /* Build configuration list for PBXProject "tickadate" */ = {
			isa = XCConfigurationList;
			buildConfigurations = (
				7AB0B0F01EC07D4600BEC76C /* Debug */,
				7AB0B0F11EC07D4600BEC76C /* Release */,
			);
			defaultConfigurationIsVisible = 0;
			defaultConfigurationName = Release;
		};
		7AB0B0F21EC07D4600BEC76C /* Build configuration list for PBXNativeTarget "tickadate" */ = {
			isa = XCConfigurationList;
			buildConfigurations = (
				7AB0B0F31EC07D4600BEC76C /* Debug */,
				7AB0B0F41EC07D4600BEC76C /* Release */,
			);
			defaultConfigurationIsVisible = 0;
		};
		7AB0B0F51EC07D4600BEC76C /* Build configuration list for PBXNativeTarget "tickadateTests" */ = {
			isa = XCConfigurationList;
			buildConfigurations = (
				7AB0B0F61EC07D4600BEC76C /* Debug */,
				7AB0B0F71EC07D4600BEC76C /* Release */,
			);
			defaultConfigurationIsVisible = 0;
		};
		7AB0B0F81EC07D4600BEC76C /* Build configuration list for PBXNativeTarget "tickadateUITests" */ = {
			isa = XCConfigurationList;
			buildConfigurations = (
				7AB0B0F91EC07D4600BEC76C /* Debug */,
				7AB0B0FA1EC07D4600BEC76C /* Release */,
			);
			defaultConfigurationIsVisible = 0;
		};
/* End XCConfigurationList section */
	};
	rootObject = 7AB0B0C21EC07D4500BEC76C /* Project object */;
}
