// !$*UTF8*$!
{
	archiveVersion = 1;
	classes = {
	};
	objectVersion = 46;
	objects = {

/* Begin PBXBuildFile section */
		7A11F94F1ED4AB8B00ECCD94 /* BarChartTableViewCell.swift in Sources */ = {isa = PBXBuildFile; fileRef = 7A11F94E1ED4AB8B00ECCD94 /* BarChartTableViewCell.swift */; };
		7A11F9511ED4E9CC00ECCD94 /* BarChartView.swift in Sources */ = {isa = PBXBuildFile; fileRef = 7A11F9501ED4E9CC00ECCD94 /* BarChartView.swift */; };
		7A1C13A91EDC3B12007A6D75 /* StoreKit.framework in Frameworks */ = {isa = PBXBuildFile; fileRef = 7A1C13A81EDC3B12007A6D75 /* StoreKit.framework */; };
		7A2BD9471EC2F1B6002E3FE8 /* Eureka.framework in Frameworks */ = {isa = PBXBuildFile; fileRef = 7A2BD9461EC2F1B6002E3FE8 /* Eureka.framework */; };
		7A2BD9491EC2F7D0002E3FE8 /* EventTypesTableViewController.swift in Sources */ = {isa = PBXBuildFile; fileRef = 7A2BD9481EC2F7D0002E3FE8 /* EventTypesTableViewController.swift */; };
		7A2BD94B1EC2FA5A002E3FE8 /* EventTypeTableViewCell.swift in Sources */ = {isa = PBXBuildFile; fileRef = 7A2BD94A1EC2FA5A002E3FE8 /* EventTypeTableViewCell.swift */; };
		7A39963E1ECAF6DB002E3255 /* ColorSwatches.swift in Sources */ = {isa = PBXBuildFile; fileRef = 7A39963D1ECAF6DB002E3255 /* ColorSwatches.swift */; };
		7A3996411ECB0418002E3255 /* ColorPickerViewController.swift in Sources */ = {isa = PBXBuildFile; fileRef = 7A39963F1ECB0418002E3255 /* ColorPickerViewController.swift */; };
		7A3996441ECB3310002E3255 /* ColorPickerCollectionViewCell.swift in Sources */ = {isa = PBXBuildFile; fileRef = 7A3996431ECB3310002E3255 /* ColorPickerCollectionViewCell.swift */; };
		7A443EFE1ED58C6E00B40475 /* GridStatTableViewCell.swift in Sources */ = {isa = PBXBuildFile; fileRef = 7A443EFD1ED58C6E00B40475 /* GridStatTableViewCell.swift */; };
		7A443F001ED58D0300B40475 /* GridStatView.swift in Sources */ = {isa = PBXBuildFile; fileRef = 7A443EFF1ED58D0300B40475 /* GridStatView.swift */; };
		7A4865261EC6F41A00456BDF /* BorderedView.swift in Sources */ = {isa = PBXBuildFile; fileRef = 7A4865251EC6F41A00456BDF /* BorderedView.swift */; };
		7A4865281EC701C500456BDF /* DateUtils.swift in Sources */ = {isa = PBXBuildFile; fileRef = 7A4865271EC701C500456BDF /* DateUtils.swift */; };
		7A48652C1EC7563E00456BDF /* EventTypeFormViewController.swift in Sources */ = {isa = PBXBuildFile; fileRef = 7A48652B1EC7563E00456BDF /* EventTypeFormViewController.swift */; };
		7A48AB261EE6F28C00CA2641 /* AnalyseStepOnboardingViewController.swift in Sources */ = {isa = PBXBuildFile; fileRef = 7A48AB251EE6F28C00CA2641 /* AnalyseStepOnboardingViewController.swift */; };
		7A48AB271EE727D800CA2641 /* Onboarding.storyboard in Resources */ = {isa = PBXBuildFile; fileRef = 7A48AB291EE727D800CA2641 /* Onboarding.storyboard */; };
		7A48AB2E1EE74CED00CA2641 /* InspirationStepOnboardingViewController.swift in Sources */ = {isa = PBXBuildFile; fileRef = 7A48AB2D1EE74CED00CA2641 /* InspirationStepOnboardingViewController.swift */; };
		7A48AB301EE74D6500CA2641 /* OnboardingPager.swift in Sources */ = {isa = PBXBuildFile; fileRef = 7A48AB2F1EE74D6500CA2641 /* OnboardingPager.swift */; };
		7A48AB321EE8397800CA2641 /* IntroStepOnboardingViewController.swift in Sources */ = {isa = PBXBuildFile; fileRef = 7A48AB311EE8397800CA2641 /* IntroStepOnboardingViewController.swift */; };
		7A48AB341EE8398F00CA2641 /* CustomizeStepOnboardingViewController.swift in Sources */ = {isa = PBXBuildFile; fileRef = 7A48AB331EE8398F00CA2641 /* CustomizeStepOnboardingViewController.swift */; };
		7A48AB371EE84C6800CA2641 /* Onboarding+Inspiration.storyboard in Resources */ = {isa = PBXBuildFile; fileRef = 7A48AB351EE84C6800CA2641 /* Onboarding+Inspiration.storyboard */; };
		7A48AB381EE99A2800CA2641 /* EventTypeExamples.plist in Resources */ = {isa = PBXBuildFile; fileRef = 7A48AB3A1EE99A2800CA2641 /* EventTypeExamples.plist */; };
		7A61D4EE1EE5EF94001CB207 /* OnboardingViewController.swift in Sources */ = {isa = PBXBuildFile; fileRef = 7A61D4ED1EE5EF94001CB207 /* OnboardingViewController.swift */; };
		7A61D4F01EE601E9001CB207 /* GradientView.swift in Sources */ = {isa = PBXBuildFile; fileRef = 7A61D4EF1EE601E9001CB207 /* GradientView.swift */; };
		7A748DB91EC9ACA600E3F682 /* DebugViewController.swift in Sources */ = {isa = PBXBuildFile; fileRef = 7A748DB81EC9ACA600E3F682 /* DebugViewController.swift */; };
		7A873F2D1EE00B4900E0A058 /* BuyButton.swift in Sources */ = {isa = PBXBuildFile; fileRef = 7A873F2C1EE00B4900E0A058 /* BuyButton.swift */; };
		7A873F2F1EE00BF000E0A058 /* ColorSwatchesTableViewController.swift in Sources */ = {isa = PBXBuildFile; fileRef = 7A873F2E1EE00BF000E0A058 /* ColorSwatchesTableViewController.swift */; };
		7A873F311EE018D300E0A058 /* ColorSwatches.plist in Resources */ = {isa = PBXBuildFile; fileRef = 7A873F301EE018D300E0A058 /* ColorSwatches.plist */; };
		7A873F361EE0A8E000E0A058 /* iOS.plist in Resources */ = {isa = PBXBuildFile; fileRef = 7A873F381EE0A8E000E0A058 /* iOS.plist */; };
		7A873F3F1EE1381900E0A058 /* ColorSwatchTableViewCell.swift in Sources */ = {isa = PBXBuildFile; fileRef = 7A873F3E1EE1381900E0A058 /* ColorSwatchTableViewCell.swift */; };
		7A873F431EE154FB00E0A058 /* EventsOfDay.storyboard in Resources */ = {isa = PBXBuildFile; fileRef = 7A873F421EE154FB00E0A058 /* EventsOfDay.storyboard */; };
		7A873F461EE15E9600E0A058 /* IAPManager.swift in Sources */ = {isa = PBXBuildFile; fileRef = 7A873F451EE15E9600E0A058 /* IAPManager.swift */; };
		7A873F481EE1AB2600E0A058 /* PListParser.swift in Sources */ = {isa = PBXBuildFile; fileRef = 7A873F471EE1AB2600E0A058 /* PListParser.swift */; };
		7A873F4A1EE337AD00E0A058 /* Cartfile in Resources */ = {isa = PBXBuildFile; fileRef = 7A873F491EE337AD00E0A058 /* Cartfile */; };
		7A873F4C1EE3862500E0A058 /* SwiftyStoreKit.framework in Frameworks */ = {isa = PBXBuildFile; fileRef = 7A873F4B1EE3862500E0A058 /* SwiftyStoreKit.framework */; };
		7A873F4E1EE408A400E0A058 /* BorderedTableViewCell.swift in Sources */ = {isa = PBXBuildFile; fileRef = 7A873F4D1EE408A400E0A058 /* BorderedTableViewCell.swift */; };
		7A873F501EE5325900E0A058 /* ViewController+Onboarding.swift in Sources */ = {isa = PBXBuildFile; fileRef = 7A873F4F1EE5325900E0A058 /* ViewController+Onboarding.swift */; };
		7A901CA61EC112B800CF0002 /* EventTypesController.swift in Sources */ = {isa = PBXBuildFile; fileRef = 7A901CA51EC112B800CF0002 /* EventTypesController.swift */; };
		7A901CA81EC1135200CF0002 /* EventTypeCollectionViewCell.swift in Sources */ = {isa = PBXBuildFile; fileRef = 7A901CA71EC1135200CF0002 /* EventTypeCollectionViewCell.swift */; };
		7A901CAC1EC11A7300CF0002 /* CalendarController.swift in Sources */ = {isa = PBXBuildFile; fileRef = 7A901CAB1EC11A7300CF0002 /* CalendarController.swift */; };
		7A901CB01EC1C09E00CF0002 /* TickADate.xcdatamodeld in Sources */ = {isa = PBXBuildFile; fileRef = 7A901CAD1EC1BEEE00CF0002 /* TickADate.xcdatamodeld */; };
		7A901CB61EC20C8600CF0002 /* EventDotsStack.swift in Sources */ = {isa = PBXBuildFile; fileRef = 7A901CB51EC20C8600CF0002 /* EventDotsStack.swift */; };
		7A901CFA1EC22E6100CF0002 /* DynamicColor.framework in Frameworks */ = {isa = PBXBuildFile; fileRef = 7A901CF91EC22E6100CF0002 /* DynamicColor.framework */; settings = {ATTRIBUTES = (Required, ); }; };
		7A901D021EC23AB600CF0002 /* CircleView.swift in Sources */ = {isa = PBXBuildFile; fileRef = 7A901D011EC23AB600CF0002 /* CircleView.swift */; };
		7A9791931EDC5A5F00D910B6 /* StatCellDefinitions.swift in Sources */ = {isa = PBXBuildFile; fileRef = 7A9791921EDC5A5F00D910B6 /* StatCellDefinitions.swift */; };
		7A9B53361EEC117300B34552 /* FlatUI.plist in Resources */ = {isa = PBXBuildFile; fileRef = 7A9B53381EEC117300B34552 /* FlatUI.plist */; };
		7A9B533C1EEC14A500B34552 /* PantoneYear2016.plist in Resources */ = {isa = PBXBuildFile; fileRef = 7A9B533B1EEC14A500B34552 /* PantoneYear2016.plist */; };
		7A9B533F1EEC1A0100B34552 /* InfoPlist.strings in Resources */ = {isa = PBXBuildFile; fileRef = 7A9B53411EEC1A0100B34552 /* InfoPlist.strings */; };
		7A9CCD9B1ECC66A4001B6520 /* RAL.plist in Resources */ = {isa = PBXBuildFile; fileRef = 7A9CCD9A1ECC66A4001B6520 /* RAL.plist */; };
		7AA628EE1ECCF04400834FAD /* StyleKit.swift in Sources */ = {isa = PBXBuildFile; fileRef = 7AA628ED1ECCF04400834FAD /* StyleKit.swift */; };
		7AA628F01ECCF25100834FAD /* ToolbarButtons.swift in Sources */ = {isa = PBXBuildFile; fileRef = 7AA628EF1ECCF25100834FAD /* ToolbarButtons.swift */; };
		7AA628F51ECF456100834FAD /* ColorPicker.storyboard in Resources */ = {isa = PBXBuildFile; fileRef = 7AA628F31ECF456100834FAD /* ColorPicker.storyboard */; };
		7AA628F81ECF458E00834FAD /* EventTypes.storyboard in Resources */ = {isa = PBXBuildFile; fileRef = 7AA628F61ECF458E00834FAD /* EventTypes.storyboard */; };
		7AAD59F71ECC6BD6003D2DA5 /* CrayolaFluorescent.plist in Resources */ = {isa = PBXBuildFile; fileRef = 7AAD59F61ECC6BD6003D2DA5 /* CrayolaFluorescent.plist */; };
		7AB0B0CE1EC07D4500BEC76C /* AppDelegate.swift in Sources */ = {isa = PBXBuildFile; fileRef = 7AB0B0CD1EC07D4500BEC76C /* AppDelegate.swift */; };
		7AB0B0D01EC07D4600BEC76C /* ViewController.swift in Sources */ = {isa = PBXBuildFile; fileRef = 7AB0B0CF1EC07D4600BEC76C /* ViewController.swift */; };
		7AB0B0D31EC07D4600BEC76C /* Main.storyboard in Resources */ = {isa = PBXBuildFile; fileRef = 7AB0B0D11EC07D4600BEC76C /* Main.storyboard */; };
		7AB0B0D51EC07D4600BEC76C /* Assets.xcassets in Resources */ = {isa = PBXBuildFile; fileRef = 7AB0B0D41EC07D4600BEC76C /* Assets.xcassets */; };
		7AB0B0D81EC07D4600BEC76C /* LaunchScreen.storyboard in Resources */ = {isa = PBXBuildFile; fileRef = 7AB0B0D61EC07D4600BEC76C /* LaunchScreen.storyboard */; };
		7AB0B0E31EC07D4600BEC76C /* tickadateTests.swift in Sources */ = {isa = PBXBuildFile; fileRef = 7AB0B0E21EC07D4600BEC76C /* tickadateTests.swift */; };
		7AB0B0EE1EC07D4600BEC76C /* tickadateUITests.swift in Sources */ = {isa = PBXBuildFile; fileRef = 7AB0B0ED1EC07D4600BEC76C /* tickadateUITests.swift */; };
		7AB0B1041EC1065500BEC76C /* CalendarDateCell.swift in Sources */ = {isa = PBXBuildFile; fileRef = 7AB0B1031EC1065500BEC76C /* CalendarDateCell.swift */; };
		7ACDED111EDC17A5004CDB9D /* Localizable.strings in Resources */ = {isa = PBXBuildFile; fileRef = 7ACDED131EDC17A5004CDB9D /* Localizable.strings */; };
		7ACDED181EDC232D004CDB9D /* RelativeDateAlertController.swift in Sources */ = {isa = PBXBuildFile; fileRef = 7ACDED171EDC232D004CDB9D /* RelativeDateAlertController.swift */; };
		7ACDED1A1EDC2DD2004CDB9D /* CommonStrings.swift in Sources */ = {isa = PBXBuildFile; fileRef = 7ACDED191EDC2DD2004CDB9D /* CommonStrings.swift */; };
		7ACDED1B1EDC370A004CDB9D /* CrayolaBright.plist in Resources */ = {isa = PBXBuildFile; fileRef = 7ACDED1D1EDC370A004CDB9D /* CrayolaBright.plist */; };
		7AD7BC511ED1D2FC005AA9EF /* EventsOfDayTableViewController.swift in Sources */ = {isa = PBXBuildFile; fileRef = 7AD7BC501ED1D2FC005AA9EF /* EventsOfDayTableViewController.swift */; };
		7AD7BC531ED1D322005AA9EF /* EventsOfDayTableViewCell.swift in Sources */ = {isa = PBXBuildFile; fileRef = 7AD7BC521ED1D322005AA9EF /* EventsOfDayTableViewCell.swift */; };
		7AD7BC551ED33B6F005AA9EF /* StatsTableViewController.swift in Sources */ = {isa = PBXBuildFile; fileRef = 7AD7BC541ED33B6F005AA9EF /* StatsTableViewController.swift */; };
		7AD7BC571ED33CC3005AA9EF /* EventTypeStats.swift in Sources */ = {isa = PBXBuildFile; fileRef = 7AD7BC561ED33CC3005AA9EF /* EventTypeStats.swift */; };
		7ADDE9641EEA85AD003DCA59 /* ColorSwatchPreviewCollectionViewController.swift in Sources */ = {isa = PBXBuildFile; fileRef = 7ADDE9631EEA85AD003DCA59 /* ColorSwatchPreviewCollectionViewController.swift */; };
		7AE4EF5E1ED42FB100F3082C /* SerieStatTableViewCell.swift in Sources */ = {isa = PBXBuildFile; fileRef = 7AE4EF5D1ED42FB100F3082C /* SerieStatTableViewCell.swift */; };
		7AE4EF601ED430D700F3082C /* StatTableViewCell.swift in Sources */ = {isa = PBXBuildFile; fileRef = 7AE4EF5F1ED430D700F3082C /* StatTableViewCell.swift */; };
		7AE4EF621ED43C8800F3082C /* LabelStatTableViewCell.swift in Sources */ = {isa = PBXBuildFile; fileRef = 7AE4EF611ED43C8800F3082C /* LabelStatTableViewCell.swift */; };
		7AE4EF661ED43CFB00F3082C /* EventTypesStats.storyboard in Resources */ = {isa = PBXBuildFile; fileRef = 7AE4EF641ED43CFB00F3082C /* EventTypesStats.storyboard */; };
		7AF7A3B41ECA2B4100043690 /* RelativeDate.swift in Sources */ = {isa = PBXBuildFile; fileRef = 7AF7A3B31ECA2B4100043690 /* RelativeDate.swift */; };
		7AF97EDC1EC4548900DD5AC1 /* WeekDayHeader.swift in Sources */ = {isa = PBXBuildFile; fileRef = 7AF97EDB1EC4548900DD5AC1 /* WeekDayHeader.swift */; };
		7AF97EDE1EC454B400DD5AC1 /* DrawUtils.swift in Sources */ = {isa = PBXBuildFile; fileRef = 7AF97EDD1EC454B400DD5AC1 /* DrawUtils.swift */; };
		7AF97EE01EC48A3300DD5AC1 /* DataController.swift in Sources */ = {isa = PBXBuildFile; fileRef = 7AF97EDF1EC48A3300DD5AC1 /* DataController.swift */; };
/* End PBXBuildFile section */

/* Begin PBXContainerItemProxy section */
		7AB0B0DF1EC07D4600BEC76C /* PBXContainerItemProxy */ = {
			isa = PBXContainerItemProxy;
			containerPortal = 7AB0B0C21EC07D4500BEC76C /* Project object */;
			proxyType = 1;
			remoteGlobalIDString = 7AB0B0C91EC07D4500BEC76C;
			remoteInfo = tickadate;
		};
		7AB0B0EA1EC07D4600BEC76C /* PBXContainerItemProxy */ = {
			isa = PBXContainerItemProxy;
			containerPortal = 7AB0B0C21EC07D4500BEC76C /* Project object */;
			proxyType = 1;
			remoteGlobalIDString = 7AB0B0C91EC07D4500BEC76C;
			remoteInfo = tickadate;
		};
/* End PBXContainerItemProxy section */

/* Begin PBXFileReference section */
		7A11F94E1ED4AB8B00ECCD94 /* BarChartTableViewCell.swift */ = {isa = PBXFileReference; fileEncoding = 4; lastKnownFileType = sourcecode.swift; path = BarChartTableViewCell.swift; sourceTree = "<group>"; };
		7A11F9501ED4E9CC00ECCD94 /* BarChartView.swift */ = {isa = PBXFileReference; fileEncoding = 4; lastKnownFileType = sourcecode.swift; path = BarChartView.swift; sourceTree = "<group>"; };
		7A1C13A81EDC3B12007A6D75 /* StoreKit.framework */ = {isa = PBXFileReference; lastKnownFileType = wrapper.framework; name = StoreKit.framework; path = System/Library/Frameworks/StoreKit.framework; sourceTree = SDKROOT; };
		7A1C13AA1EDC3B42007A6D75 /* tickadate.entitlements */ = {isa = PBXFileReference; lastKnownFileType = text.plist.entitlements; path = tickadate.entitlements; sourceTree = "<group>"; };
		7A2BD9461EC2F1B6002E3FE8 /* Eureka.framework */ = {isa = PBXFileReference; lastKnownFileType = wrapper.framework; name = Eureka.framework; path = Carthage/Build/iOS/Eureka.framework; sourceTree = "<group>"; };
		7A2BD9481EC2F7D0002E3FE8 /* EventTypesTableViewController.swift */ = {isa = PBXFileReference; fileEncoding = 4; lastKnownFileType = sourcecode.swift; path = EventTypesTableViewController.swift; sourceTree = "<group>"; };
		7A2BD94A1EC2FA5A002E3FE8 /* EventTypeTableViewCell.swift */ = {isa = PBXFileReference; fileEncoding = 4; lastKnownFileType = sourcecode.swift; path = EventTypeTableViewCell.swift; sourceTree = "<group>"; };
		7A39963D1ECAF6DB002E3255 /* ColorSwatches.swift */ = {isa = PBXFileReference; fileEncoding = 4; lastKnownFileType = sourcecode.swift; path = ColorSwatches.swift; sourceTree = "<group>"; };
		7A39963F1ECB0418002E3255 /* ColorPickerViewController.swift */ = {isa = PBXFileReference; fileEncoding = 4; lastKnownFileType = sourcecode.swift; path = ColorPickerViewController.swift; sourceTree = "<group>"; };
		7A3996431ECB3310002E3255 /* ColorPickerCollectionViewCell.swift */ = {isa = PBXFileReference; fileEncoding = 4; lastKnownFileType = sourcecode.swift; path = ColorPickerCollectionViewCell.swift; sourceTree = "<group>"; };
		7A443EFD1ED58C6E00B40475 /* GridStatTableViewCell.swift */ = {isa = PBXFileReference; fileEncoding = 4; lastKnownFileType = sourcecode.swift; path = GridStatTableViewCell.swift; sourceTree = "<group>"; };
		7A443EFF1ED58D0300B40475 /* GridStatView.swift */ = {isa = PBXFileReference; fileEncoding = 4; lastKnownFileType = sourcecode.swift; path = GridStatView.swift; sourceTree = "<group>"; };
		7A4865251EC6F41A00456BDF /* BorderedView.swift */ = {isa = PBXFileReference; fileEncoding = 4; lastKnownFileType = sourcecode.swift; path = BorderedView.swift; sourceTree = "<group>"; };
		7A4865271EC701C500456BDF /* DateUtils.swift */ = {isa = PBXFileReference; fileEncoding = 4; lastKnownFileType = sourcecode.swift; path = DateUtils.swift; sourceTree = "<group>"; };
		7A4865291EC73C4200456BDF /* SwiftIconFont.framework */ = {isa = PBXFileReference; lastKnownFileType = wrapper.framework; name = SwiftIconFont.framework; path = Carthage/Build/iOS/SwiftIconFont.framework; sourceTree = "<group>"; };
		7A48652B1EC7563E00456BDF /* EventTypeFormViewController.swift */ = {isa = PBXFileReference; fileEncoding = 4; lastKnownFileType = sourcecode.swift; path = EventTypeFormViewController.swift; sourceTree = "<group>"; };
		7A48AB251EE6F28C00CA2641 /* AnalyseStepOnboardingViewController.swift */ = {isa = PBXFileReference; fileEncoding = 4; lastKnownFileType = sourcecode.swift; path = AnalyseStepOnboardingViewController.swift; sourceTree = "<group>"; };
		7A48AB281EE727D800CA2641 /* Base */ = {isa = PBXFileReference; lastKnownFileType = file.storyboard; name = Base; path = Base.lproj/Onboarding.storyboard; sourceTree = "<group>"; };
		7A48AB2D1EE74CED00CA2641 /* InspirationStepOnboardingViewController.swift */ = {isa = PBXFileReference; fileEncoding = 4; lastKnownFileType = sourcecode.swift; path = InspirationStepOnboardingViewController.swift; sourceTree = "<group>"; };
		7A48AB2F1EE74D6500CA2641 /* OnboardingPager.swift */ = {isa = PBXFileReference; fileEncoding = 4; lastKnownFileType = sourcecode.swift; path = OnboardingPager.swift; sourceTree = "<group>"; };
		7A48AB311EE8397800CA2641 /* IntroStepOnboardingViewController.swift */ = {isa = PBXFileReference; fileEncoding = 4; lastKnownFileType = sourcecode.swift; path = IntroStepOnboardingViewController.swift; sourceTree = "<group>"; };
		7A48AB331EE8398F00CA2641 /* CustomizeStepOnboardingViewController.swift */ = {isa = PBXFileReference; fileEncoding = 4; lastKnownFileType = sourcecode.swift; path = CustomizeStepOnboardingViewController.swift; sourceTree = "<group>"; };
		7A48AB361EE84C6800CA2641 /* Base */ = {isa = PBXFileReference; lastKnownFileType = file.storyboard; name = Base; path = "Base.lproj/Onboarding+Inspiration.storyboard"; sourceTree = "<group>"; };
		7A48AB391EE99A2800CA2641 /* Base */ = {isa = PBXFileReference; lastKnownFileType = text.plist.xml; name = Base; path = Base.lproj/EventTypeExamples.plist; sourceTree = "<group>"; };
		7A48AB3B1EE99A2A00CA2641 /* fr */ = {isa = PBXFileReference; lastKnownFileType = text.plist.xml; name = fr; path = fr.lproj/EventTypeExamples.plist; sourceTree = "<group>"; };
		7A61D4ED1EE5EF94001CB207 /* OnboardingViewController.swift */ = {isa = PBXFileReference; fileEncoding = 4; lastKnownFileType = sourcecode.swift; path = OnboardingViewController.swift; sourceTree = "<group>"; };
		7A61D4EF1EE601E9001CB207 /* GradientView.swift */ = {isa = PBXFileReference; fileEncoding = 4; lastKnownFileType = sourcecode.swift; path = GradientView.swift; sourceTree = "<group>"; };
		7A748DB81EC9ACA600E3F682 /* DebugViewController.swift */ = {isa = PBXFileReference; fileEncoding = 4; lastKnownFileType = sourcecode.swift; path = DebugViewController.swift; sourceTree = "<group>"; };
		7A873F2C1EE00B4900E0A058 /* BuyButton.swift */ = {isa = PBXFileReference; fileEncoding = 4; lastKnownFileType = sourcecode.swift; path = BuyButton.swift; sourceTree = "<group>"; };
		7A873F2E1EE00BF000E0A058 /* ColorSwatchesTableViewController.swift */ = {isa = PBXFileReference; fileEncoding = 4; lastKnownFileType = sourcecode.swift; path = ColorSwatchesTableViewController.swift; sourceTree = "<group>"; };
		7A873F301EE018D300E0A058 /* ColorSwatches.plist */ = {isa = PBXFileReference; fileEncoding = 4; lastKnownFileType = text.plist.xml; path = ColorSwatches.plist; sourceTree = "<group>"; };
		7A873F371EE0A8E000E0A058 /* Base */ = {isa = PBXFileReference; lastKnownFileType = text.plist.xml; name = Base; path = Base.lproj/iOS.plist; sourceTree = "<group>"; };
		7A873F391EE0A8E100E0A058 /* fr */ = {isa = PBXFileReference; lastKnownFileType = text.plist.xml; name = fr; path = fr.lproj/iOS.plist; sourceTree = "<group>"; };
		7A873F3E1EE1381900E0A058 /* ColorSwatchTableViewCell.swift */ = {isa = PBXFileReference; fileEncoding = 4; lastKnownFileType = sourcecode.swift; path = ColorSwatchTableViewCell.swift; sourceTree = "<group>"; };
		7A873F411EE13D8300E0A058 /* fr */ = {isa = PBXFileReference; lastKnownFileType = text.plist.strings; name = fr; path = fr.lproj/ColorPicker.strings; sourceTree = "<group>"; };
		7A873F421EE154FB00E0A058 /* EventsOfDay.storyboard */ = {isa = PBXFileReference; fileEncoding = 4; lastKnownFileType = file.storyboard; path = EventsOfDay.storyboard; sourceTree = "<group>"; };
		7A873F451EE15E9600E0A058 /* IAPManager.swift */ = {isa = PBXFileReference; fileEncoding = 4; lastKnownFileType = sourcecode.swift; path = IAPManager.swift; sourceTree = "<group>"; };
		7A873F471EE1AB2600E0A058 /* PListParser.swift */ = {isa = PBXFileReference; fileEncoding = 4; lastKnownFileType = sourcecode.swift; path = PListParser.swift; sourceTree = "<group>"; };
		7A873F491EE337AD00E0A058 /* Cartfile */ = {isa = PBXFileReference; fileEncoding = 4; lastKnownFileType = text; path = Cartfile; sourceTree = "<group>"; };
		7A873F4B1EE3862500E0A058 /* SwiftyStoreKit.framework */ = {isa = PBXFileReference; lastKnownFileType = wrapper.framework; name = SwiftyStoreKit.framework; path = Carthage/Build/iOS/SwiftyStoreKit.framework; sourceTree = "<group>"; };
		7A873F4D1EE408A400E0A058 /* BorderedTableViewCell.swift */ = {isa = PBXFileReference; fileEncoding = 4; lastKnownFileType = sourcecode.swift; path = BorderedTableViewCell.swift; sourceTree = "<group>"; };
		7A873F4F1EE5325900E0A058 /* ViewController+Onboarding.swift */ = {isa = PBXFileReference; fileEncoding = 4; lastKnownFileType = sourcecode.swift; path = "ViewController+Onboarding.swift"; sourceTree = "<group>"; };
		7A873F511EE5980A00E0A058 /* Info.plist */ = {isa = PBXFileReference; fileEncoding = 4; lastKnownFileType = text.plist.xml; path = Info.plist; sourceTree = "<group>"; };
		7A901CA51EC112B800CF0002 /* EventTypesController.swift */ = {isa = PBXFileReference; fileEncoding = 4; lastKnownFileType = sourcecode.swift; path = EventTypesController.swift; sourceTree = "<group>"; };
		7A901CA71EC1135200CF0002 /* EventTypeCollectionViewCell.swift */ = {isa = PBXFileReference; fileEncoding = 4; lastKnownFileType = sourcecode.swift; path = EventTypeCollectionViewCell.swift; sourceTree = "<group>"; };
		7A901CAB1EC11A7300CF0002 /* CalendarController.swift */ = {isa = PBXFileReference; fileEncoding = 4; lastKnownFileType = sourcecode.swift; path = CalendarController.swift; sourceTree = "<group>"; };
		7A901CAE1EC1BEEE00CF0002 /* TickADate.xcdatamodel */ = {isa = PBXFileReference; lastKnownFileType = wrapper.xcdatamodel; path = TickADate.xcdatamodel; sourceTree = "<group>"; };
		7A901CB51EC20C8600CF0002 /* EventDotsStack.swift */ = {isa = PBXFileReference; fileEncoding = 4; lastKnownFileType = sourcecode.swift; path = EventDotsStack.swift; sourceTree = "<group>"; };
		7A901CF91EC22E6100CF0002 /* DynamicColor.framework */ = {isa = PBXFileReference; lastKnownFileType = wrapper.framework; name = DynamicColor.framework; path = Carthage/Build/iOS/DynamicColor.framework; sourceTree = "<group>"; };
		7A901D011EC23AB600CF0002 /* CircleView.swift */ = {isa = PBXFileReference; fileEncoding = 4; lastKnownFileType = sourcecode.swift; path = CircleView.swift; sourceTree = "<group>"; };
		7A9791921EDC5A5F00D910B6 /* StatCellDefinitions.swift */ = {isa = PBXFileReference; fileEncoding = 4; lastKnownFileType = sourcecode.swift; path = StatCellDefinitions.swift; sourceTree = "<group>"; };
		7A9B53331EEC0B9400B34552 /* fr */ = {isa = PBXFileReference; lastKnownFileType = text.plist.strings; name = fr; path = fr.lproj/Onboarding.strings; sourceTree = "<group>"; };
		7A9B53351EEC0B9800B34552 /* fr */ = {isa = PBXFileReference; lastKnownFileType = text.plist.strings; name = fr; path = "fr.lproj/Onboarding+Inspiration.strings"; sourceTree = "<group>"; };
		7A9B53371EEC117300B34552 /* Base */ = {isa = PBXFileReference; lastKnownFileType = text.plist.xml; name = Base; path = Base.lproj/FlatUI.plist; sourceTree = "<group>"; };
		7A9B53391EEC117400B34552 /* fr */ = {isa = PBXFileReference; lastKnownFileType = text.plist.xml; name = fr; path = fr.lproj/FlatUI.plist; sourceTree = "<group>"; };
		7A9B533B1EEC14A500B34552 /* PantoneYear2016.plist */ = {isa = PBXFileReference; fileEncoding = 4; lastKnownFileType = text.plist.xml; path = PantoneYear2016.plist; sourceTree = "<group>"; };
		7A9B53401EEC1A0100B34552 /* Base */ = {isa = PBXFileReference; lastKnownFileType = text.plist.strings; name = Base; path = Base.lproj/InfoPlist.strings; sourceTree = "<group>"; };
		7A9B53421EEC1A0200B34552 /* fr */ = {isa = PBXFileReference; lastKnownFileType = text.plist.strings; name = fr; path = fr.lproj/InfoPlist.strings; sourceTree = "<group>"; };
		7A9CCD9A1ECC66A4001B6520 /* RAL.plist */ = {isa = PBXFileReference; fileEncoding = 4; lastKnownFileType = text.plist.xml; name = RAL.plist; path = Assets.xcassets/RAL.plist; sourceTree = "<group>"; };
		7AA628ED1ECCF04400834FAD /* StyleKit.swift */ = {isa = PBXFileReference; fileEncoding = 4; lastKnownFileType = sourcecode.swift; path = StyleKit.swift; sourceTree = "<group>"; };
		7AA628EF1ECCF25100834FAD /* ToolbarButtons.swift */ = {isa = PBXFileReference; fileEncoding = 4; lastKnownFileType = sourcecode.swift; path = ToolbarButtons.swift; sourceTree = "<group>"; };
		7AA628F41ECF456100834FAD /* Base */ = {isa = PBXFileReference; lastKnownFileType = file.storyboard; name = Base; path = Base.lproj/ColorPicker.storyboard; sourceTree = "<group>"; };
		7AA628F71ECF458E00834FAD /* Base */ = {isa = PBXFileReference; lastKnownFileType = file.storyboard; name = Base; path = Base.lproj/EventTypes.storyboard; sourceTree = "<group>"; };
		7AAD59F61ECC6BD6003D2DA5 /* CrayolaFluorescent.plist */ = {isa = PBXFileReference; fileEncoding = 4; lastKnownFileType = text.plist.xml; path = CrayolaFluorescent.plist; sourceTree = "<group>"; };
		7AB0B0CA1EC07D4500BEC76C /* tickadate.app */ = {isa = PBXFileReference; explicitFileType = wrapper.application; includeInIndex = 0; path = tickadate.app; sourceTree = BUILT_PRODUCTS_DIR; };
		7AB0B0CD1EC07D4500BEC76C /* AppDelegate.swift */ = {isa = PBXFileReference; lastKnownFileType = sourcecode.swift; path = AppDelegate.swift; sourceTree = "<group>"; };
		7AB0B0CF1EC07D4600BEC76C /* ViewController.swift */ = {isa = PBXFileReference; lastKnownFileType = sourcecode.swift; path = ViewController.swift; sourceTree = "<group>"; };
		7AB0B0D21EC07D4600BEC76C /* Base */ = {isa = PBXFileReference; lastKnownFileType = file.storyboard; name = Base; path = Base.lproj/Main.storyboard; sourceTree = "<group>"; };
		7AB0B0D41EC07D4600BEC76C /* Assets.xcassets */ = {isa = PBXFileReference; lastKnownFileType = folder.assetcatalog; path = Assets.xcassets; sourceTree = "<group>"; };
		7AB0B0D71EC07D4600BEC76C /* Base */ = {isa = PBXFileReference; lastKnownFileType = file.storyboard; name = Base; path = Base.lproj/LaunchScreen.storyboard; sourceTree = "<group>"; };
		7AB0B0DE1EC07D4600BEC76C /* tickadateTests.xctest */ = {isa = PBXFileReference; explicitFileType = wrapper.cfbundle; includeInIndex = 0; path = tickadateTests.xctest; sourceTree = BUILT_PRODUCTS_DIR; };
		7AB0B0E21EC07D4600BEC76C /* tickadateTests.swift */ = {isa = PBXFileReference; lastKnownFileType = sourcecode.swift; path = tickadateTests.swift; sourceTree = "<group>"; };
		7AB0B0E41EC07D4600BEC76C /* Info.plist */ = {isa = PBXFileReference; lastKnownFileType = text.plist.xml; path = Info.plist; sourceTree = "<group>"; };
		7AB0B0E91EC07D4600BEC76C /* tickadateUITests.xctest */ = {isa = PBXFileReference; explicitFileType = wrapper.cfbundle; includeInIndex = 0; path = tickadateUITests.xctest; sourceTree = BUILT_PRODUCTS_DIR; };
		7AB0B0ED1EC07D4600BEC76C /* tickadateUITests.swift */ = {isa = PBXFileReference; lastKnownFileType = sourcecode.swift; path = tickadateUITests.swift; sourceTree = "<group>"; };
		7AB0B0EF1EC07D4600BEC76C /* Info.plist */ = {isa = PBXFileReference; lastKnownFileType = text.plist.xml; path = Info.plist; sourceTree = "<group>"; };
		7AB0B1031EC1065500BEC76C /* CalendarDateCell.swift */ = {isa = PBXFileReference; fileEncoding = 4; lastKnownFileType = sourcecode.swift; path = CalendarDateCell.swift; sourceTree = "<group>"; };
		7ACDED0B1EDC0E5F004CDB9D /* fr */ = {isa = PBXFileReference; lastKnownFileType = text.plist.strings; name = fr; path = fr.lproj/EventTypes.strings; sourceTree = "<group>"; };
		7ACDED0C1EDC0E5F004CDB9D /* fr */ = {isa = PBXFileReference; lastKnownFileType = text.plist.strings; name = fr; path = fr.lproj/EventTypesStats.strings; sourceTree = "<group>"; };
		7ACDED0D1EDC0E5F004CDB9D /* fr */ = {isa = PBXFileReference; lastKnownFileType = text.plist.strings; name = fr; path = fr.lproj/LaunchScreen.strings; sourceTree = "<group>"; };
		7ACDED0E1EDC0E5F004CDB9D /* fr */ = {isa = PBXFileReference; lastKnownFileType = text.plist.strings; name = fr; path = fr.lproj/Main.strings; sourceTree = "<group>"; };
		7ACDED121EDC17A5004CDB9D /* Base */ = {isa = PBXFileReference; lastKnownFileType = text.plist.strings; name = Base; path = Base.lproj/Localizable.strings; sourceTree = "<group>"; };
		7ACDED141EDC17C6004CDB9D /* fr */ = {isa = PBXFileReference; lastKnownFileType = text.plist.strings; name = fr; path = fr.lproj/Localizable.strings; sourceTree = "<group>"; };
		7ACDED171EDC232D004CDB9D /* RelativeDateAlertController.swift */ = {isa = PBXFileReference; fileEncoding = 4; lastKnownFileType = sourcecode.swift; path = RelativeDateAlertController.swift; sourceTree = "<group>"; };
		7ACDED191EDC2DD2004CDB9D /* CommonStrings.swift */ = {isa = PBXFileReference; fileEncoding = 4; lastKnownFileType = sourcecode.swift; path = CommonStrings.swift; sourceTree = "<group>"; };
		7ACDED1C1EDC370A004CDB9D /* Base */ = {isa = PBXFileReference; lastKnownFileType = text.plist.xml; name = Base; path = Base.lproj/CrayolaBright.plist; sourceTree = "<group>"; };
		7ACDED1E1EDC371A004CDB9D /* fr */ = {isa = PBXFileReference; lastKnownFileType = text.plist.xml; name = fr; path = fr.lproj/CrayolaBright.plist; sourceTree = "<group>"; };
		7AD7BC501ED1D2FC005AA9EF /* EventsOfDayTableViewController.swift */ = {isa = PBXFileReference; fileEncoding = 4; lastKnownFileType = sourcecode.swift; path = EventsOfDayTableViewController.swift; sourceTree = "<group>"; };
		7AD7BC521ED1D322005AA9EF /* EventsOfDayTableViewCell.swift */ = {isa = PBXFileReference; fileEncoding = 4; lastKnownFileType = sourcecode.swift; path = EventsOfDayTableViewCell.swift; sourceTree = "<group>"; };
		7AD7BC541ED33B6F005AA9EF /* StatsTableViewController.swift */ = {isa = PBXFileReference; fileEncoding = 4; lastKnownFileType = sourcecode.swift; path = StatsTableViewController.swift; sourceTree = "<group>"; };
		7AD7BC561ED33CC3005AA9EF /* EventTypeStats.swift */ = {isa = PBXFileReference; fileEncoding = 4; lastKnownFileType = sourcecode.swift; path = EventTypeStats.swift; sourceTree = "<group>"; };
		7ADDE9631EEA85AD003DCA59 /* ColorSwatchPreviewCollectionViewController.swift */ = {isa = PBXFileReference; fileEncoding = 4; lastKnownFileType = sourcecode.swift; path = ColorSwatchPreviewCollectionViewController.swift; sourceTree = "<group>"; };
		7AE4EF5D1ED42FB100F3082C /* SerieStatTableViewCell.swift */ = {isa = PBXFileReference; fileEncoding = 4; lastKnownFileType = sourcecode.swift; path = SerieStatTableViewCell.swift; sourceTree = "<group>"; };
		7AE4EF5F1ED430D700F3082C /* StatTableViewCell.swift */ = {isa = PBXFileReference; fileEncoding = 4; lastKnownFileType = sourcecode.swift; path = StatTableViewCell.swift; sourceTree = "<group>"; };
		7AE4EF611ED43C8800F3082C /* LabelStatTableViewCell.swift */ = {isa = PBXFileReference; fileEncoding = 4; lastKnownFileType = sourcecode.swift; path = LabelStatTableViewCell.swift; sourceTree = "<group>"; };
		7AE4EF651ED43CFB00F3082C /* Base */ = {isa = PBXFileReference; lastKnownFileType = file.storyboard; name = Base; path = Base.lproj/EventTypesStats.storyboard; sourceTree = "<group>"; };
		7AF7A3B31ECA2B4100043690 /* RelativeDate.swift */ = {isa = PBXFileReference; fileEncoding = 4; lastKnownFileType = sourcecode.swift; path = RelativeDate.swift; sourceTree = "<group>"; };
		7AF97EDB1EC4548900DD5AC1 /* WeekDayHeader.swift */ = {isa = PBXFileReference; fileEncoding = 4; lastKnownFileType = sourcecode.swift; path = WeekDayHeader.swift; sourceTree = "<group>"; };
		7AF97EDD1EC454B400DD5AC1 /* DrawUtils.swift */ = {isa = PBXFileReference; fileEncoding = 4; lastKnownFileType = sourcecode.swift; path = DrawUtils.swift; sourceTree = "<group>"; };
		7AF97EDF1EC48A3300DD5AC1 /* DataController.swift */ = {isa = PBXFileReference; fileEncoding = 4; lastKnownFileType = sourcecode.swift; path = DataController.swift; sourceTree = "<group>"; };
/* End PBXFileReference section */

/* Begin PBXFrameworksBuildPhase section */
		7AB0B0C71EC07D4500BEC76C /* Frameworks */ = {
			isa = PBXFrameworksBuildPhase;
			buildActionMask = 2147483647;
			files = (
				7A873F4C1EE3862500E0A058 /* SwiftyStoreKit.framework in Frameworks */,
				7A2BD9471EC2F1B6002E3FE8 /* Eureka.framework in Frameworks */,
				7A901CFA1EC22E6100CF0002 /* DynamicColor.framework in Frameworks */,
				7A1C13A91EDC3B12007A6D75 /* StoreKit.framework in Frameworks */,
			);
			runOnlyForDeploymentPostprocessing = 0;
		};
		7AB0B0DB1EC07D4600BEC76C /* Frameworks */ = {
			isa = PBXFrameworksBuildPhase;
			buildActionMask = 2147483647;
			files = (
			);
			runOnlyForDeploymentPostprocessing = 0;
		};
		7AB0B0E61EC07D4600BEC76C /* Frameworks */ = {
			isa = PBXFrameworksBuildPhase;
			buildActionMask = 2147483647;
			files = (
			);
			runOnlyForDeploymentPostprocessing = 0;
		};
/* End PBXFrameworksBuildPhase section */

/* Begin PBXGroup section */
		7A1C13AE1EDC3DAD007A6D75 /* Utils */ = {
			isa = PBXGroup;
			children = (
				7A1C13AA1EDC3B42007A6D75 /* tickadate.entitlements */,
				7AA628ED1ECCF04400834FAD /* StyleKit.swift */,
				7ACDED191EDC2DD2004CDB9D /* CommonStrings.swift */,
				7A4865251EC6F41A00456BDF /* BorderedView.swift */,
				7A901D011EC23AB600CF0002 /* CircleView.swift */,
				7A4865271EC701C500456BDF /* DateUtils.swift */,
				7AF97EDD1EC454B400DD5AC1 /* DrawUtils.swift */,
				7A873F2C1EE00B4900E0A058 /* BuyButton.swift */,
				7A873F471EE1AB2600E0A058 /* PListParser.swift */,
				7A873F4D1EE408A400E0A058 /* BorderedTableViewCell.swift */,
				7A61D4EF1EE601E9001CB207 /* GradientView.swift */,
			);
			name = Utils;
			sourceTree = "<group>";
		};
		7A1C13AF1EDC3DF1007A6D75 /* Components */ = {
			isa = PBXGroup;
			children = (
				7A61D4EC1EE5EF78001CB207 /* Onboarding */,
				7A873F441EE15E6B00E0A058 /* IAP */,
				7AB0B0D61EC07D4600BEC76C /* LaunchScreen.storyboard */,
				7A1C13B11EDC3E10007A6D75 /* Calendar */,
				7AE4EF671ED43F7600F3082C /* ColorPicker */,
				7A1C13B41EDC3E72007A6D75 /* DatePicker */,
				7A1C13B61EDC3EE1007A6D75 /* Debug */,
				7A1C13B31EDC3E50007A6D75 /* EventsOfDay */,
				7A1C13B21EDC3E45007A6D75 /* EventTypes */,
				7A1C13B51EDC3E8B007A6D75 /* EventTypesChooser */,
				7A443EFC1ED5800C00B40475 /* Stats */,
			);
			name = Components;
			sourceTree = "<group>";
		};
		7A1C13B11EDC3E10007A6D75 /* Calendar */ = {
			isa = PBXGroup;
			children = (
				7AF97EDB1EC4548900DD5AC1 /* WeekDayHeader.swift */,
				7A901CAB1EC11A7300CF0002 /* CalendarController.swift */,
				7AB0B1031EC1065500BEC76C /* CalendarDateCell.swift */,
				7A901CB51EC20C8600CF0002 /* EventDotsStack.swift */,
			);
			name = Calendar;
			sourceTree = "<group>";
		};
		7A1C13B21EDC3E45007A6D75 /* EventTypes */ = {
			isa = PBXGroup;
			children = (
				7A48652B1EC7563E00456BDF /* EventTypeFormViewController.swift */,
				7AA628F61ECF458E00834FAD /* EventTypes.storyboard */,
				7A2BD9481EC2F7D0002E3FE8 /* EventTypesTableViewController.swift */,
				7A2BD94A1EC2FA5A002E3FE8 /* EventTypeTableViewCell.swift */,
				7A48AB3A1EE99A2800CA2641 /* EventTypeExamples.plist */,
			);
			name = EventTypes;
			sourceTree = "<group>";
		};
		7A1C13B31EDC3E50007A6D75 /* EventsOfDay */ = {
			isa = PBXGroup;
			children = (
				7A873F421EE154FB00E0A058 /* EventsOfDay.storyboard */,
				7AD7BC521ED1D322005AA9EF /* EventsOfDayTableViewCell.swift */,
				7AD7BC501ED1D2FC005AA9EF /* EventsOfDayTableViewController.swift */,
			);
			name = EventsOfDay;
			sourceTree = "<group>";
		};
		7A1C13B41EDC3E72007A6D75 /* DatePicker */ = {
			isa = PBXGroup;
			children = (
				7AF7A3B31ECA2B4100043690 /* RelativeDate.swift */,
				7ACDED171EDC232D004CDB9D /* RelativeDateAlertController.swift */,
			);
			name = DatePicker;
			sourceTree = "<group>";
		};
		7A1C13B51EDC3E8B007A6D75 /* EventTypesChooser */ = {
			isa = PBXGroup;
			children = (
				7A901CA71EC1135200CF0002 /* EventTypeCollectionViewCell.swift */,
				7A901CA51EC112B800CF0002 /* EventTypesController.swift */,
			);
			name = EventTypesChooser;
			sourceTree = "<group>";
		};
		7A1C13B61EDC3EE1007A6D75 /* Debug */ = {
			isa = PBXGroup;
			children = (
				7A748DB81EC9ACA600E3F682 /* DebugViewController.swift */,
			);
			name = Debug;
			sourceTree = "<group>";
		};
		7A1C13B71EDC3F18007A6D75 /* Main */ = {
			isa = PBXGroup;
			children = (
				7AA628EF1ECCF25100834FAD /* ToolbarButtons.swift */,
				7AB0B0D11EC07D4600BEC76C /* Main.storyboard */,
				7AB0B0CF1EC07D4600BEC76C /* ViewController.swift */,
				7A873F4F1EE5325900E0A058 /* ViewController+Onboarding.swift */,
			);
			name = Main;
			sourceTree = "<group>";
		};
		7A1C13BB1EDC3FE3007A6D75 /* Data */ = {
			isa = PBXGroup;
			children = (
				7AF97EDF1EC48A3300DD5AC1 /* DataController.swift */,
				7A901CAD1EC1BEEE00CF0002 /* TickADate.xcdatamodeld */,
			);
			name = Data;
			sourceTree = "<group>";
		};
		7A443EFC1ED5800C00B40475 /* Stats */ = {
			isa = PBXGroup;
			children = (
				7AE4EF641ED43CFB00F3082C /* EventTypesStats.storyboard */,
				7AD7BC561ED33CC3005AA9EF /* EventTypeStats.swift */,
				7AD7BC541ED33B6F005AA9EF /* StatsTableViewController.swift */,
				7AE4EF631ED43C8C00F3082C /* StatTableViewCells */,
				7A9791921EDC5A5F00D910B6 /* StatCellDefinitions.swift */,
			);
			name = Stats;
			sourceTree = "<group>";
		};
		7A48AB241EE6F26700CA2641 /* Steps */ = {
			isa = PBXGroup;
			children = (
				7A48AB251EE6F28C00CA2641 /* AnalyseStepOnboardingViewController.swift */,
				7A48AB2D1EE74CED00CA2641 /* InspirationStepOnboardingViewController.swift */,
				7A48AB311EE8397800CA2641 /* IntroStepOnboardingViewController.swift */,
				7A48AB331EE8398F00CA2641 /* CustomizeStepOnboardingViewController.swift */,
			);
			name = Steps;
			sourceTree = "<group>";
		};
		7A61D4EC1EE5EF78001CB207 /* Onboarding */ = {
			isa = PBXGroup;
			children = (
				7A48AB241EE6F26700CA2641 /* Steps */,
				7A48AB291EE727D800CA2641 /* Onboarding.storyboard */,
				7A48AB351EE84C6800CA2641 /* Onboarding+Inspiration.storyboard */,
				7A61D4ED1EE5EF94001CB207 /* OnboardingViewController.swift */,
				7A48AB2F1EE74D6500CA2641 /* OnboardingPager.swift */,
			);
			name = Onboarding;
			sourceTree = "<group>";
		};
		7A873F441EE15E6B00E0A058 /* IAP */ = {
			isa = PBXGroup;
			children = (
				7A873F451EE15E9600E0A058 /* IAPManager.swift */,
			);
			name = IAP;
			sourceTree = "<group>";
		};
		7A901CF61EC22BED00CF0002 /* Frameworks */ = {
			isa = PBXGroup;
			children = (
				7A873F4B1EE3862500E0A058 /* SwiftyStoreKit.framework */,
				7A1C13A81EDC3B12007A6D75 /* StoreKit.framework */,
				7A4865291EC73C4200456BDF /* SwiftIconFont.framework */,
				7A2BD9461EC2F1B6002E3FE8 /* Eureka.framework */,
				7A901CF91EC22E6100CF0002 /* DynamicColor.framework */,
			);
			name = Frameworks;
			sourceTree = "<group>";
		};
		7A9B533A1EEC148900B34552 /* Pantone */ = {
			isa = PBXGroup;
			children = (
				7A9B533B1EEC14A500B34552 /* PantoneYear2016.plist */,
			);
			name = Pantone;
			sourceTree = "<group>";
		};
		7A9CCD9D1ECC6B25001B6520 /* ColorSwatches */ = {
			isa = PBXGroup;
			children = (
				7A9B533A1EEC148900B34552 /* Pantone */,
				7ACDED1D1EDC370A004CDB9D /* CrayolaBright.plist */,
				7AAD59F61ECC6BD6003D2DA5 /* CrayolaFluorescent.plist */,
				7A9CCD9A1ECC66A4001B6520 /* RAL.plist */,
				7A873F301EE018D300E0A058 /* ColorSwatches.plist */,
				7A873F381EE0A8E000E0A058 /* iOS.plist */,
				7A9B53381EEC117300B34552 /* FlatUI.plist */,
			);
			name = ColorSwatches;
			sourceTree = "<group>";
		};
		7AB0B0C11EC07D4500BEC76C = {
			isa = PBXGroup;
			children = (
				7A873F491EE337AD00E0A058 /* Cartfile */,
				7A901CF61EC22BED00CF0002 /* Frameworks */,
				7AB0B0CB1EC07D4500BEC76C /* Products */,
				7AB0B0CC1EC07D4500BEC76C /* tickadate */,
				7AB0B0E11EC07D4600BEC76C /* tickadateTests */,
				7AB0B0EC1EC07D4600BEC76C /* tickadateUITests */,
			);
			sourceTree = "<group>";
		};
		7AB0B0CB1EC07D4500BEC76C /* Products */ = {
			isa = PBXGroup;
			children = (
				7AB0B0CA1EC07D4500BEC76C /* tickadate.app */,
				7AB0B0DE1EC07D4600BEC76C /* tickadateTests.xctest */,
				7AB0B0E91EC07D4600BEC76C /* tickadateUITests.xctest */,
			);
			name = Products;
			sourceTree = "<group>";
		};
		7AB0B0CC1EC07D4500BEC76C /* tickadate */ = {
			isa = PBXGroup;
			children = (
				7A873F511EE5980A00E0A058 /* Info.plist */,
				7ACDED131EDC17A5004CDB9D /* Localizable.strings */,
				7A9B53411EEC1A0100B34552 /* InfoPlist.strings */,
				7AB0B0CD1EC07D4500BEC76C /* AppDelegate.swift */,
				7AB0B0D41EC07D4600BEC76C /* Assets.xcassets */,
				7A1C13AF1EDC3DF1007A6D75 /* Components */,
				7A1C13BB1EDC3FE3007A6D75 /* Data */,
				7A1C13B71EDC3F18007A6D75 /* Main */,
				7A1C13AE1EDC3DAD007A6D75 /* Utils */,
			);
			path = tickadate;
			sourceTree = "<group>";
		};
		7AB0B0E11EC07D4600BEC76C /* tickadateTests */ = {
			isa = PBXGroup;
			children = (
				7AB0B0E21EC07D4600BEC76C /* tickadateTests.swift */,
				7AB0B0E41EC07D4600BEC76C /* Info.plist */,
			);
			path = tickadateTests;
			sourceTree = "<group>";
		};
		7AB0B0EC1EC07D4600BEC76C /* tickadateUITests */ = {
			isa = PBXGroup;
			children = (
				7AB0B0ED1EC07D4600BEC76C /* tickadateUITests.swift */,
				7AB0B0EF1EC07D4600BEC76C /* Info.plist */,
			);
			path = tickadateUITests;
			sourceTree = "<group>";
		};
		7AE4EF631ED43C8C00F3082C /* StatTableViewCells */ = {
			isa = PBXGroup;
			children = (
				7AE4EF5F1ED430D700F3082C /* StatTableViewCell.swift */,
				7A11F94E1ED4AB8B00ECCD94 /* BarChartTableViewCell.swift */,
				7AE4EF5D1ED42FB100F3082C /* SerieStatTableViewCell.swift */,
				7AE4EF611ED43C8800F3082C /* LabelStatTableViewCell.swift */,
				7A11F9501ED4E9CC00ECCD94 /* BarChartView.swift */,
				7A443EFD1ED58C6E00B40475 /* GridStatTableViewCell.swift */,
				7A443EFF1ED58D0300B40475 /* GridStatView.swift */,
			);
			name = StatTableViewCells;
			sourceTree = "<group>";
		};
		7AE4EF671ED43F7600F3082C /* ColorPicker */ = {
			isa = PBXGroup;
			children = (
				7A39963D1ECAF6DB002E3255 /* ColorSwatches.swift */,
				7AA628F31ECF456100834FAD /* ColorPicker.storyboard */,
				7A3996431ECB3310002E3255 /* ColorPickerCollectionViewCell.swift */,
				7A39963F1ECB0418002E3255 /* ColorPickerViewController.swift */,
				7A9CCD9D1ECC6B25001B6520 /* ColorSwatches */,
				7A873F2E1EE00BF000E0A058 /* ColorSwatchesTableViewController.swift */,
				7A873F3E1EE1381900E0A058 /* ColorSwatchTableViewCell.swift */,
				7ADDE9631EEA85AD003DCA59 /* ColorSwatchPreviewCollectionViewController.swift */,
			);
			name = ColorPicker;
			sourceTree = "<group>";
		};
/* End PBXGroup section */

/* Begin PBXNativeTarget section */
		7AB0B0C91EC07D4500BEC76C /* tickadate */ = {
			isa = PBXNativeTarget;
			buildConfigurationList = 7AB0B0F21EC07D4600BEC76C /* Build configuration list for PBXNativeTarget "tickadate" */;
			buildPhases = (
				7AB0B0C61EC07D4500BEC76C /* Sources */,
				7AB0B0C71EC07D4500BEC76C /* Frameworks */,
				7AB0B0C81EC07D4500BEC76C /* Resources */,
				7A901CFC1EC22FDA00CF0002 /* Run Script */,
				7ACDED161EDC21D3004CDB9D /* Bartycrouch (localization) */,
			);
			buildRules = (
			);
			dependencies = (
			);
			name = tickadate;
			productName = tickadate;
			productReference = 7AB0B0CA1EC07D4500BEC76C /* tickadate.app */;
			productType = "com.apple.product-type.application";
		};
		7AB0B0DD1EC07D4600BEC76C /* tickadateTests */ = {
			isa = PBXNativeTarget;
			buildConfigurationList = 7AB0B0F51EC07D4600BEC76C /* Build configuration list for PBXNativeTarget "tickadateTests" */;
			buildPhases = (
				7AB0B0DA1EC07D4600BEC76C /* Sources */,
				7AB0B0DB1EC07D4600BEC76C /* Frameworks */,
				7AB0B0DC1EC07D4600BEC76C /* Resources */,
			);
			buildRules = (
			);
			dependencies = (
				7AB0B0E01EC07D4600BEC76C /* PBXTargetDependency */,
			);
			name = tickadateTests;
			productName = tickadateTests;
			productReference = 7AB0B0DE1EC07D4600BEC76C /* tickadateTests.xctest */;
			productType = "com.apple.product-type.bundle.unit-test";
		};
		7AB0B0E81EC07D4600BEC76C /* tickadateUITests */ = {
			isa = PBXNativeTarget;
			buildConfigurationList = 7AB0B0F81EC07D4600BEC76C /* Build configuration list for PBXNativeTarget "tickadateUITests" */;
			buildPhases = (
				7AB0B0E51EC07D4600BEC76C /* Sources */,
				7AB0B0E61EC07D4600BEC76C /* Frameworks */,
				7AB0B0E71EC07D4600BEC76C /* Resources */,
			);
			buildRules = (
			);
			dependencies = (
				7AB0B0EB1EC07D4600BEC76C /* PBXTargetDependency */,
			);
			name = tickadateUITests;
			productName = tickadateUITests;
			productReference = 7AB0B0E91EC07D4600BEC76C /* tickadateUITests.xctest */;
			productType = "com.apple.product-type.bundle.ui-testing";
		};
/* End PBXNativeTarget section */

/* Begin PBXProject section */
		7AB0B0C21EC07D4500BEC76C /* Project object */ = {
			isa = PBXProject;
			attributes = {
				KnownAssetTags = (
					New,
				);
				LastSwiftUpdateCheck = 0830;
				LastUpgradeCheck = 0830;
				ORGANIZATIONNAME = Agilitation;
				TargetAttributes = {
					7AB0B0C91EC07D4500BEC76C = {
						CreatedOnToolsVersion = 8.3.2;
						DevelopmentTeam = 5DS79WMFEL;
						ProvisioningStyle = Automatic;
						SystemCapabilities = {
							com.apple.HealthKit = {
								enabled = 0;
							};
							com.apple.InAppPurchase = {
								enabled = 1;
							};
						};
					};
					7AB0B0DD1EC07D4600BEC76C = {
						CreatedOnToolsVersion = 8.3.2;
						ProvisioningStyle = Automatic;
						TestTargetID = 7AB0B0C91EC07D4500BEC76C;
					};
					7AB0B0E81EC07D4600BEC76C = {
						CreatedOnToolsVersion = 8.3.2;
						ProvisioningStyle = Automatic;
						TestTargetID = 7AB0B0C91EC07D4500BEC76C;
					};
				};
			};
			buildConfigurationList = 7AB0B0C51EC07D4500BEC76C /* Build configuration list for PBXProject "tickadate" */;
			compatibilityVersion = "Xcode 3.2";
			developmentRegion = English;
			hasScannedForEncodings = 0;
			knownRegions = (
				en,
				Base,
				fr,
			);
			mainGroup = 7AB0B0C11EC07D4500BEC76C;
			productRefGroup = 7AB0B0CB1EC07D4500BEC76C /* Products */;
			projectDirPath = "";
			projectRoot = "";
			targets = (
				7AB0B0C91EC07D4500BEC76C /* tickadate */,
				7AB0B0DD1EC07D4600BEC76C /* tickadateTests */,
				7AB0B0E81EC07D4600BEC76C /* tickadateUITests */,
			);
		};
/* End PBXProject section */

/* Begin PBXResourcesBuildPhase section */
		7AB0B0C81EC07D4500BEC76C /* Resources */ = {
			isa = PBXResourcesBuildPhase;
			buildActionMask = 2147483647;
			files = (
				7A9B533C1EEC14A500B34552 /* PantoneYear2016.plist in Resources */,
				7A873F361EE0A8E000E0A058 /* iOS.plist in Resources */,
				7A873F4A1EE337AD00E0A058 /* Cartfile in Resources */,
				7AB0B0D81EC07D4600BEC76C /* LaunchScreen.storyboard in Resources */,
				7A9B53361EEC117300B34552 /* FlatUI.plist in Resources */,
				7A48AB381EE99A2800CA2641 /* EventTypeExamples.plist in Resources */,
				7AA628F51ECF456100834FAD /* ColorPicker.storyboard in Resources */,
				7A873F431EE154FB00E0A058 /* EventsOfDay.storyboard in Resources */,
				7ACDED1B1EDC370A004CDB9D /* CrayolaBright.plist in Resources */,
				7A9B533F1EEC1A0100B34552 /* InfoPlist.strings in Resources */,
				7A9CCD9B1ECC66A4001B6520 /* RAL.plist in Resources */,
				7AB0B0D51EC07D4600BEC76C /* Assets.xcassets in Resources */,
				7AAD59F71ECC6BD6003D2DA5 /* CrayolaFluorescent.plist in Resources */,
				7AB0B0D31EC07D4600BEC76C /* Main.storyboard in Resources */,
				7AA628F81ECF458E00834FAD /* EventTypes.storyboard in Resources */,
				7AE4EF661ED43CFB00F3082C /* EventTypesStats.storyboard in Resources */,
				7ACDED111EDC17A5004CDB9D /* Localizable.strings in Resources */,
				7A48AB271EE727D800CA2641 /* Onboarding.storyboard in Resources */,
				7A48AB371EE84C6800CA2641 /* Onboarding+Inspiration.storyboard in Resources */,
				7A873F311EE018D300E0A058 /* ColorSwatches.plist in Resources */,
			);
			runOnlyForDeploymentPostprocessing = 0;
		};
		7AB0B0DC1EC07D4600BEC76C /* Resources */ = {
			isa = PBXResourcesBuildPhase;
			buildActionMask = 2147483647;
			files = (
			);
			runOnlyForDeploymentPostprocessing = 0;
		};
		7AB0B0E71EC07D4600BEC76C /* Resources */ = {
			isa = PBXResourcesBuildPhase;
			buildActionMask = 2147483647;
			files = (
			);
			runOnlyForDeploymentPostprocessing = 0;
		};
/* End PBXResourcesBuildPhase section */

/* Begin PBXShellScriptBuildPhase section */
		7A901CFC1EC22FDA00CF0002 /* Run Script */ = {
			isa = PBXShellScriptBuildPhase;
			buildActionMask = 2147483647;
			files = (
			);
			inputPaths = (
				"$(SRCROOT)/Carthage/Build/iOS/DynamicColor.framework",
				"$(SRCROOT)/Carthage/Build/iOS/Eureka.framework",
				"$(SRCROOT)/Carthage/Build/iOS/SwiftyStoreKit.framework",
			);
			name = "Run Script";
			outputPaths = (
			);
			runOnlyForDeploymentPostprocessing = 0;
			shellPath = /bin/sh;
			shellScript = "/usr/local/bin/carthage copy-frameworks";
		};
		7ACDED161EDC21D3004CDB9D /* Bartycrouch (localization) */ = {
			isa = PBXShellScriptBuildPhase;
			buildActionMask = 2147483647;
			files = (
			);
			inputPaths = (
			);
			name = "Bartycrouch (localization)";
			outputPaths = (
			);
			runOnlyForDeploymentPostprocessing = 0;
			shellPath = /bin/sh;
			shellScript = "if which bartycrouch > /dev/null; then\n    # Incrementally update all Storyboards/XIBs strings files\n    bartycrouch interfaces -p \"$PROJECT_DIR\"\n\n    # Add new keys to Localizable.strings files from NSLocalizedString in code\n    bartycrouch code -p \"$PROJECT_DIR\" -l \"$PROJECT_DIR\" -a -s\nelse\n    echo \"warning: BartyCrouch not installed, download it from https://github.com/Flinesoft/BartyCrouch\"\nfi\n";
		};
/* End PBXShellScriptBuildPhase section */

/* Begin PBXSourcesBuildPhase section */
		7AB0B0C61EC07D4500BEC76C /* Sources */ = {
			isa = PBXSourcesBuildPhase;
			buildActionMask = 2147483647;
			files = (
				7A48AB321EE8397800CA2641 /* IntroStepOnboardingViewController.swift in Sources */,
				7A48AB341EE8398F00CA2641 /* CustomizeStepOnboardingViewController.swift in Sources */,
				7A3996411ECB0418002E3255 /* ColorPickerViewController.swift in Sources */,
				7A873F501EE5325900E0A058 /* ViewController+Onboarding.swift in Sources */,
				7AE4EF601ED430D700F3082C /* StatTableViewCell.swift in Sources */,
				7A11F9511ED4E9CC00ECCD94 /* BarChartView.swift in Sources */,
				7A48AB2E1EE74CED00CA2641 /* InspirationStepOnboardingViewController.swift in Sources */,
				7ADDE9641EEA85AD003DCA59 /* ColorSwatchPreviewCollectionViewController.swift in Sources */,
				7A901CA61EC112B800CF0002 /* EventTypesController.swift in Sources */,
				7A48AB261EE6F28C00CA2641 /* AnalyseStepOnboardingViewController.swift in Sources */,
				7A748DB91EC9ACA600E3F682 /* DebugViewController.swift in Sources */,
				7AD7BC571ED33CC3005AA9EF /* EventTypeStats.swift in Sources */,
				7A873F4E1EE408A400E0A058 /* BorderedTableViewCell.swift in Sources */,
				7A873F481EE1AB2600E0A058 /* PListParser.swift in Sources */,
				7A4865261EC6F41A00456BDF /* BorderedView.swift in Sources */,
				7A4865281EC701C500456BDF /* DateUtils.swift in Sources */,
				7A443F001ED58D0300B40475 /* GridStatView.swift in Sources */,
				7AB0B0D01EC07D4600BEC76C /* ViewController.swift in Sources */,
				7A48652C1EC7563E00456BDF /* EventTypeFormViewController.swift in Sources */,
				7A2BD9491EC2F7D0002E3FE8 /* EventTypesTableViewController.swift in Sources */,
				7A39963E1ECAF6DB002E3255 /* ColorSwatches.swift in Sources */,
				7AE4EF621ED43C8800F3082C /* LabelStatTableViewCell.swift in Sources */,
				7A9791931EDC5A5F00D910B6 /* StatCellDefinitions.swift in Sources */,
				7ACDED181EDC232D004CDB9D /* RelativeDateAlertController.swift in Sources */,
				7AF97EDC1EC4548900DD5AC1 /* WeekDayHeader.swift in Sources */,
				7A443EFE1ED58C6E00B40475 /* GridStatTableViewCell.swift in Sources */,
				7AA628EE1ECCF04400834FAD /* StyleKit.swift in Sources */,
				7AD7BC551ED33B6F005AA9EF /* StatsTableViewController.swift in Sources */,
				7AA628F01ECCF25100834FAD /* ToolbarButtons.swift in Sources */,
				7A873F2D1EE00B4900E0A058 /* BuyButton.swift in Sources */,
				7A901CB01EC1C09E00CF0002 /* TickADate.xcdatamodeld in Sources */,
				7A873F461EE15E9600E0A058 /* IAPManager.swift in Sources */,
				7AF97EE01EC48A3300DD5AC1 /* DataController.swift in Sources */,
				7A3996441ECB3310002E3255 /* ColorPickerCollectionViewCell.swift in Sources */,
				7A873F3F1EE1381900E0A058 /* ColorSwatchTableViewCell.swift in Sources */,
				7A901CA81EC1135200CF0002 /* EventTypeCollectionViewCell.swift in Sources */,
				7A873F2F1EE00BF000E0A058 /* ColorSwatchesTableViewController.swift in Sources */,
				7A901D021EC23AB600CF0002 /* CircleView.swift in Sources */,
				7AF97EDE1EC454B400DD5AC1 /* DrawUtils.swift in Sources */,
				7A11F94F1ED4AB8B00ECCD94 /* BarChartTableViewCell.swift in Sources */,
				7ACDED1A1EDC2DD2004CDB9D /* CommonStrings.swift in Sources */,
				7AD7BC531ED1D322005AA9EF /* EventsOfDayTableViewCell.swift in Sources */,
				7A61D4F01EE601E9001CB207 /* GradientView.swift in Sources */,
				7A61D4EE1EE5EF94001CB207 /* OnboardingViewController.swift in Sources */,
				7A901CAC1EC11A7300CF0002 /* CalendarController.swift in Sources */,
				7AD7BC511ED1D2FC005AA9EF /* EventsOfDayTableViewController.swift in Sources */,
				7AE4EF5E1ED42FB100F3082C /* SerieStatTableViewCell.swift in Sources */,
				7A2BD94B1EC2FA5A002E3FE8 /* EventTypeTableViewCell.swift in Sources */,
				7A901CB61EC20C8600CF0002 /* EventDotsStack.swift in Sources */,
				7A48AB301EE74D6500CA2641 /* OnboardingPager.swift in Sources */,
				7AB0B1041EC1065500BEC76C /* CalendarDateCell.swift in Sources */,
				7AB0B0CE1EC07D4500BEC76C /* AppDelegate.swift in Sources */,
				7AF7A3B41ECA2B4100043690 /* RelativeDate.swift in Sources */,
			);
			runOnlyForDeploymentPostprocessing = 0;
		};
		7AB0B0DA1EC07D4600BEC76C /* Sources */ = {
			isa = PBXSourcesBuildPhase;
			buildActionMask = 2147483647;
			files = (
				7AB0B0E31EC07D4600BEC76C /* tickadateTests.swift in Sources */,
			);
			runOnlyForDeploymentPostprocessing = 0;
		};
		7AB0B0E51EC07D4600BEC76C /* Sources */ = {
			isa = PBXSourcesBuildPhase;
			buildActionMask = 2147483647;
			files = (
				7AB0B0EE1EC07D4600BEC76C /* tickadateUITests.swift in Sources */,
			);
			runOnlyForDeploymentPostprocessing = 0;
		};
/* End PBXSourcesBuildPhase section */

/* Begin PBXTargetDependency section */
		7AB0B0E01EC07D4600BEC76C /* PBXTargetDependency */ = {
			isa = PBXTargetDependency;
			target = 7AB0B0C91EC07D4500BEC76C /* tickadate */;
			targetProxy = 7AB0B0DF1EC07D4600BEC76C /* PBXContainerItemProxy */;
		};
		7AB0B0EB1EC07D4600BEC76C /* PBXTargetDependency */ = {
			isa = PBXTargetDependency;
			target = 7AB0B0C91EC07D4500BEC76C /* tickadate */;
			targetProxy = 7AB0B0EA1EC07D4600BEC76C /* PBXContainerItemProxy */;
		};
/* End PBXTargetDependency section */

/* Begin PBXVariantGroup section */
		7A48AB291EE727D800CA2641 /* Onboarding.storyboard */ = {
			isa = PBXVariantGroup;
			children = (
				7A48AB281EE727D800CA2641 /* Base */,
				7A9B53331EEC0B9400B34552 /* fr */,
			);
			name = Onboarding.storyboard;
			sourceTree = "<group>";
		};
		7A48AB351EE84C6800CA2641 /* Onboarding+Inspiration.storyboard */ = {
			isa = PBXVariantGroup;
			children = (
				7A48AB361EE84C6800CA2641 /* Base */,
				7A9B53351EEC0B9800B34552 /* fr */,
			);
			name = "Onboarding+Inspiration.storyboard";
			sourceTree = "<group>";
		};
		7A48AB3A1EE99A2800CA2641 /* EventTypeExamples.plist */ = {
			isa = PBXVariantGroup;
			children = (
				7A48AB391EE99A2800CA2641 /* Base */,
				7A48AB3B1EE99A2A00CA2641 /* fr */,
			);
			name = EventTypeExamples.plist;
			sourceTree = "<group>";
		};
		7A873F381EE0A8E000E0A058 /* iOS.plist */ = {
			isa = PBXVariantGroup;
			children = (
				7A873F371EE0A8E000E0A058 /* Base */,
				7A873F391EE0A8E100E0A058 /* fr */,
			);
			name = iOS.plist;
			sourceTree = "<group>";
		};
		7A9B53381EEC117300B34552 /* FlatUI.plist */ = {
			isa = PBXVariantGroup;
			children = (
				7A9B53371EEC117300B34552 /* Base */,
				7A9B53391EEC117400B34552 /* fr */,
			);
			name = FlatUI.plist;
			sourceTree = "<group>";
		};
		7A9B53411EEC1A0100B34552 /* InfoPlist.strings */ = {
			isa = PBXVariantGroup;
			children = (
				7A9B53401EEC1A0100B34552 /* Base */,
				7A9B53421EEC1A0200B34552 /* fr */,
			);
			name = InfoPlist.strings;
			sourceTree = "<group>";
		};
		7AA628F31ECF456100834FAD /* ColorPicker.storyboard */ = {
			isa = PBXVariantGroup;
			children = (
				7AA628F41ECF456100834FAD /* Base */,
				7A873F411EE13D8300E0A058 /* fr */,
			);
			name = ColorPicker.storyboard;
			sourceTree = "<group>";
		};
		7AA628F61ECF458E00834FAD /* EventTypes.storyboard */ = {
			isa = PBXVariantGroup;
			children = (
				7AA628F71ECF458E00834FAD /* Base */,
				7ACDED0B1EDC0E5F004CDB9D /* fr */,
			);
			name = EventTypes.storyboard;
			sourceTree = "<group>";
		};
		7AB0B0D11EC07D4600BEC76C /* Main.storyboard */ = {
			isa = PBXVariantGroup;
			children = (
				7AB0B0D21EC07D4600BEC76C /* Base */,
				7ACDED0E1EDC0E5F004CDB9D /* fr */,
			);
			name = Main.storyboard;
			sourceTree = "<group>";
		};
		7AB0B0D61EC07D4600BEC76C /* LaunchScreen.storyboard */ = {
			isa = PBXVariantGroup;
			children = (
				7AB0B0D71EC07D4600BEC76C /* Base */,
				7ACDED0D1EDC0E5F004CDB9D /* fr */,
			);
			name = LaunchScreen.storyboard;
			sourceTree = "<group>";
		};
		7ACDED131EDC17A5004CDB9D /* Localizable.strings */ = {
			isa = PBXVariantGroup;
			children = (
				7ACDED121EDC17A5004CDB9D /* Base */,
				7ACDED141EDC17C6004CDB9D /* fr */,
			);
			name = Localizable.strings;
			sourceTree = "<group>";
		};
		7ACDED1D1EDC370A004CDB9D /* CrayolaBright.plist */ = {
			isa = PBXVariantGroup;
			children = (
				7ACDED1C1EDC370A004CDB9D /* Base */,
				7ACDED1E1EDC371A004CDB9D /* fr */,
			);
			name = CrayolaBright.plist;
			sourceTree = "<group>";
		};
		7AE4EF641ED43CFB00F3082C /* EventTypesStats.storyboard */ = {
			isa = PBXVariantGroup;
			children = (
				7AE4EF651ED43CFB00F3082C /* Base */,
				7ACDED0C1EDC0E5F004CDB9D /* fr */,
			);
			name = EventTypesStats.storyboard;
			sourceTree = "<group>";
		};
/* End PBXVariantGroup section */

/* Begin XCBuildConfiguration section */
		7AB0B0F01EC07D4600BEC76C /* Debug */ = {
			isa = XCBuildConfiguration;
			buildSettings = {
				ALWAYS_SEARCH_USER_PATHS = NO;
				CLANG_ANALYZER_LOCALIZABILITY_NONLOCALIZED = YES;
				CLANG_ANALYZER_NONNULL = YES;
				CLANG_ANALYZER_NUMBER_OBJECT_CONVERSION = YES_AGGRESSIVE;
				CLANG_CXX_LANGUAGE_STANDARD = "gnu++0x";
				CLANG_CXX_LIBRARY = "libc++";
				CLANG_ENABLE_MODULES = YES;
				CLANG_ENABLE_OBJC_ARC = YES;
				CLANG_WARN_BOOL_CONVERSION = YES;
				CLANG_WARN_CONSTANT_CONVERSION = YES;
				CLANG_WARN_DIRECT_OBJC_ISA_USAGE = YES_ERROR;
				CLANG_WARN_DOCUMENTATION_COMMENTS = YES;
				CLANG_WARN_EMPTY_BODY = YES;
				CLANG_WARN_ENUM_CONVERSION = YES;
				CLANG_WARN_INFINITE_RECURSION = YES;
				CLANG_WARN_INT_CONVERSION = YES;
				CLANG_WARN_OBJC_ROOT_CLASS = YES_ERROR;
				CLANG_WARN_SUSPICIOUS_MOVE = YES;
				CLANG_WARN_UNREACHABLE_CODE = YES;
				CLANG_WARN__DUPLICATE_METHOD_MATCH = YES;
				"CODE_SIGN_IDENTITY[sdk=iphoneos*]" = "iPhone Developer";
				COPY_PHASE_STRIP = NO;
				DEBUG_INFORMATION_FORMAT = dwarf;
				ENABLE_STRICT_OBJC_MSGSEND = YES;
				ENABLE_TESTABILITY = YES;
				GCC_C_LANGUAGE_STANDARD = gnu99;
				GCC_DYNAMIC_NO_PIC = NO;
				GCC_NO_COMMON_BLOCKS = YES;
				GCC_OPTIMIZATION_LEVEL = 0;
				GCC_PREPROCESSOR_DEFINITIONS = (
					"DEBUG=1",
					"$(inherited)",
				);
				GCC_WARN_64_TO_32_BIT_CONVERSION = YES;
				GCC_WARN_ABOUT_RETURN_TYPE = YES_ERROR;
				GCC_WARN_UNDECLARED_SELECTOR = YES;
				GCC_WARN_UNINITIALIZED_AUTOS = YES_AGGRESSIVE;
				GCC_WARN_UNUSED_FUNCTION = YES;
				GCC_WARN_UNUSED_VARIABLE = YES;
				IPHONEOS_DEPLOYMENT_TARGET = 10.3;
				MTL_ENABLE_DEBUG_INFO = YES;
				ONLY_ACTIVE_ARCH = YES;
				SDKROOT = iphoneos;
				SWIFT_ACTIVE_COMPILATION_CONDITIONS = DEBUG;
				SWIFT_OPTIMIZATION_LEVEL = "-Onone";
			};
			name = Debug;
		};
		7AB0B0F11EC07D4600BEC76C /* Release */ = {
			isa = XCBuildConfiguration;
			buildSettings = {
				ALWAYS_SEARCH_USER_PATHS = NO;
				CLANG_ANALYZER_LOCALIZABILITY_NONLOCALIZED = YES;
				CLANG_ANALYZER_NONNULL = YES;
				CLANG_ANALYZER_NUMBER_OBJECT_CONVERSION = YES_AGGRESSIVE;
				CLANG_CXX_LANGUAGE_STANDARD = "gnu++0x";
				CLANG_CXX_LIBRARY = "libc++";
				CLANG_ENABLE_MODULES = YES;
				CLANG_ENABLE_OBJC_ARC = YES;
				CLANG_WARN_BOOL_CONVERSION = YES;
				CLANG_WARN_CONSTANT_CONVERSION = YES;
				CLANG_WARN_DIRECT_OBJC_ISA_USAGE = YES_ERROR;
				CLANG_WARN_DOCUMENTATION_COMMENTS = YES;
				CLANG_WARN_EMPTY_BODY = YES;
				CLANG_WARN_ENUM_CONVERSION = YES;
				CLANG_WARN_INFINITE_RECURSION = YES;
				CLANG_WARN_INT_CONVERSION = YES;
				CLANG_WARN_OBJC_ROOT_CLASS = YES_ERROR;
				CLANG_WARN_SUSPICIOUS_MOVE = YES;
				CLANG_WARN_UNREACHABLE_CODE = YES;
				CLANG_WARN__DUPLICATE_METHOD_MATCH = YES;
				"CODE_SIGN_IDENTITY[sdk=iphoneos*]" = "iPhone Developer";
				COPY_PHASE_STRIP = NO;
				DEBUG_INFORMATION_FORMAT = "dwarf-with-dsym";
				ENABLE_NS_ASSERTIONS = NO;
				ENABLE_STRICT_OBJC_MSGSEND = YES;
				GCC_C_LANGUAGE_STANDARD = gnu99;
				GCC_NO_COMMON_BLOCKS = YES;
				GCC_WARN_64_TO_32_BIT_CONVERSION = YES;
				GCC_WARN_ABOUT_RETURN_TYPE = YES_ERROR;
				GCC_WARN_UNDECLARED_SELECTOR = YES;
				GCC_WARN_UNINITIALIZED_AUTOS = YES_AGGRESSIVE;
				GCC_WARN_UNUSED_FUNCTION = YES;
				GCC_WARN_UNUSED_VARIABLE = YES;
				IPHONEOS_DEPLOYMENT_TARGET = 10.3;
				MTL_ENABLE_DEBUG_INFO = NO;
				SDKROOT = iphoneos;
				SWIFT_OPTIMIZATION_LEVEL = "-Owholemodule";
				VALIDATE_PRODUCT = YES;
			};
			name = Release;
		};
		7AB0B0F31EC07D4600BEC76C /* Debug */ = {
			isa = XCBuildConfiguration;
			buildSettings = {
				ASSETCATALOG_COMPILER_APPICON_NAME = AppIcon;
				CLANG_USE_OPTIMIZATION_PROFILE = YES;
				DEVELOPMENT_TEAM = 5DS79WMFEL;
				FRAMEWORK_SEARCH_PATHS = (
					"$(inherited)",
					"$(PROJECT_DIR)/Carthage/Build/iOS",
				);
				INFOPLIST_FILE = tickadate/Info.plist;
				LD_RUNPATH_SEARCH_PATHS = "$(inherited) @executable_path/Frameworks";
				PRODUCT_BUNDLE_IDENTIFIER = com.agilitation.tickadate;
				PRODUCT_NAME = "$(TARGET_NAME)";
				SWIFT_VERSION = 3.0;
			};
			name = Debug;
		};
		7AB0B0F41EC07D4600BEC76C /* Release */ = {
			isa = XCBuildConfiguration;
			buildSettings = {
				ASSETCATALOG_COMPILER_APPICON_NAME = AppIcon;
				CLANG_USE_OPTIMIZATION_PROFILE = YES;
				DEVELOPMENT_TEAM = 5DS79WMFEL;
				FRAMEWORK_SEARCH_PATHS = (
					"$(inherited)",
					"$(PROJECT_DIR)/Carthage/Build/iOS",
				);
				INFOPLIST_FILE = tickadate/Info.plist;
				LD_RUNPATH_SEARCH_PATHS = "$(inherited) @executable_path/Frameworks";
				PRODUCT_BUNDLE_IDENTIFIER = com.agilitation.tickadate;
				PRODUCT_NAME = "$(TARGET_NAME)";
				SWIFT_VERSION = 3.0;
			};
			name = Release;
		};
		7AB0B0F61EC07D4600BEC76C /* Debug */ = {
			isa = XCBuildConfiguration;
			buildSettings = {
				ALWAYS_EMBED_SWIFT_STANDARD_LIBRARIES = YES;
				BUNDLE_LOADER = "$(TEST_HOST)";
				INFOPLIST_FILE = tickadateTests/Info.plist;
				LD_RUNPATH_SEARCH_PATHS = "$(inherited) @executable_path/Frameworks @loader_path/Frameworks";
				PRODUCT_BUNDLE_IDENTIFIER = com.agilitation.tickadateTests;
				PRODUCT_NAME = "$(TARGET_NAME)";
				SWIFT_VERSION = 3.0;
				TEST_HOST = "$(BUILT_PRODUCTS_DIR)/tickadate.app/tickadate";
			};
			name = Debug;
		};
		7AB0B0F71EC07D4600BEC76C /* Release */ = {
			isa = XCBuildConfiguration;
			buildSettings = {
				ALWAYS_EMBED_SWIFT_STANDARD_LIBRARIES = YES;
				BUNDLE_LOADER = "$(TEST_HOST)";
				INFOPLIST_FILE = tickadateTests/Info.plist;
				LD_RUNPATH_SEARCH_PATHS = "$(inherited) @executable_path/Frameworks @loader_path/Frameworks";
				PRODUCT_BUNDLE_IDENTIFIER = com.agilitation.tickadateTests;
				PRODUCT_NAME = "$(TARGET_NAME)";
				SWIFT_VERSION = 3.0;
				TEST_HOST = "$(BUILT_PRODUCTS_DIR)/tickadate.app/tickadate";
			};
			name = Release;
		};
		7AB0B0F91EC07D4600BEC76C /* Debug */ = {
			isa = XCBuildConfiguration;
			buildSettings = {
				ALWAYS_EMBED_SWIFT_STANDARD_LIBRARIES = YES;
				INFOPLIST_FILE = tickadateUITests/Info.plist;
				LD_RUNPATH_SEARCH_PATHS = "$(inherited) @executable_path/Frameworks @loader_path/Frameworks";
				PRODUCT_BUNDLE_IDENTIFIER = com.agilitation.tickadateUITests;
				PRODUCT_NAME = "$(TARGET_NAME)";
				SWIFT_VERSION = 3.0;
				TEST_TARGET_NAME = tickadate;
			};
			name = Debug;
		};
		7AB0B0FA1EC07D4600BEC76C /* Release */ = {
			isa = XCBuildConfiguration;
			buildSettings = {
				ALWAYS_EMBED_SWIFT_STANDARD_LIBRARIES = YES;
				INFOPLIST_FILE = tickadateUITests/Info.plist;
				LD_RUNPATH_SEARCH_PATHS = "$(inherited) @executable_path/Frameworks @loader_path/Frameworks";
				PRODUCT_BUNDLE_IDENTIFIER = com.agilitation.tickadateUITests;
				PRODUCT_NAME = "$(TARGET_NAME)";
				SWIFT_VERSION = 3.0;
				TEST_TARGET_NAME = tickadate;
			};
			name = Release;
		};
/* End XCBuildConfiguration section */

/* Begin XCConfigurationList section */
		7AB0B0C51EC07D4500BEC76C /* Build configuration list for PBXProject "tickadate" */ = {
			isa = XCConfigurationList;
			buildConfigurations = (
				7AB0B0F01EC07D4600BEC76C /* Debug */,
				7AB0B0F11EC07D4600BEC76C /* Release */,
			);
			defaultConfigurationIsVisible = 0;
			defaultConfigurationName = Release;
		};
		7AB0B0F21EC07D4600BEC76C /* Build configuration list for PBXNativeTarget "tickadate" */ = {
			isa = XCConfigurationList;
			buildConfigurations = (
				7AB0B0F31EC07D4600BEC76C /* Debug */,
				7AB0B0F41EC07D4600BEC76C /* Release */,
			);
			defaultConfigurationIsVisible = 0;
			defaultConfigurationName = Release;
		};
		7AB0B0F51EC07D4600BEC76C /* Build configuration list for PBXNativeTarget "tickadateTests" */ = {
			isa = XCConfigurationList;
			buildConfigurations = (
				7AB0B0F61EC07D4600BEC76C /* Debug */,
				7AB0B0F71EC07D4600BEC76C /* Release */,
			);
			defaultConfigurationIsVisible = 0;
			defaultConfigurationName = Release;
		};
		7AB0B0F81EC07D4600BEC76C /* Build configuration list for PBXNativeTarget "tickadateUITests" */ = {
			isa = XCConfigurationList;
			buildConfigurations = (
				7AB0B0F91EC07D4600BEC76C /* Debug */,
				7AB0B0FA1EC07D4600BEC76C /* Release */,
			);
			defaultConfigurationIsVisible = 0;
			defaultConfigurationName = Release;
		};
/* End XCConfigurationList section */

/* Begin XCVersionGroup section */
		7A901CAD1EC1BEEE00CF0002 /* TickADate.xcdatamodeld */ = {
			isa = XCVersionGroup;
			children = (
				7A901CAE1EC1BEEE00CF0002 /* TickADate.xcdatamodel */,
			);
			currentVersion = 7A901CAE1EC1BEEE00CF0002 /* TickADate.xcdatamodel */;
			path = TickADate.xcdatamodeld;
			sourceTree = "<group>";
			versionGroupType = wrapper.xcdatamodel;
		};
/* End XCVersionGroup section */
	};
	rootObject = 7AB0B0C21EC07D4500BEC76C /* Project object */;
}
